// !$*UTF8*$!
{
	archiveVersion = 1;
	classes = {
	};
	objectVersion = 46;
	objects = {

/* Begin PBXBuildFile section */
		2505F3E51AA8231E00C030C7 /* menu_background.png in Resources */ = {isa = PBXBuildFile; fileRef = 2505F3E41AA8231E00C030C7 /* menu_background.png */; };
		2505F3E71AA8C54100C030C7 /* Menu in Resources */ = {isa = PBXBuildFile; fileRef = 2505F3E61AA8C54100C030C7 /* Menu */; };
		2505F3E91AA8C60F00C030C7 /* menu_play_background.png in Resources */ = {isa = PBXBuildFile; fileRef = 2505F3E81AA8C60F00C030C7 /* menu_play_background.png */; };
		2509940119FEE2CF00A6D24F /* EditViewController.swift in Sources */ = {isa = PBXBuildFile; fileRef = 2509940019FEE2CF00A6D24F /* EditViewController.swift */; };
		2509940319FEE64B00A6D24F /* SpriteKit.framework in Frameworks */ = {isa = PBXBuildFile; fileRef = 2509940219FEE64B00A6D24F /* SpriteKit.framework */; };
		2509940519FEE86500A6D24F /* EditScene.swift in Sources */ = {isa = PBXBuildFile; fileRef = 2509940419FEE86500A6D24F /* EditScene.swift */; };
		251174521A291CD7005E37C5 /* thermal_background.png in Resources */ = {isa = PBXBuildFile; fileRef = 251174501A291CD7005E37C5 /* thermal_background.png */; };
		251174531A291CD7005E37C5 /* thermal_frame.png in Resources */ = {isa = PBXBuildFile; fileRef = 251174511A291CD7005E37C5 /* thermal_frame.png */; };
		251174581A291D74005E37C5 /* ThermalFrame.swift in Sources */ = {isa = PBXBuildFile; fileRef = 251174571A291D74005E37C5 /* ThermalFrame.swift */; };
		251218491A08625D0025ACEE /* Project.swift in Sources */ = {isa = PBXBuildFile; fileRef = 251218481A08625D0025ACEE /* Project.swift */; };
		2518B9B81ACA1B0D0030A7AA /* edit_empty.jpg in Resources */ = {isa = PBXBuildFile; fileRef = 2518B9B71ACA1B0D0030A7AA /* edit_empty.jpg */; };
		2518B9BA1ACA25730030A7AA /* HelpViewController.swift in Sources */ = {isa = PBXBuildFile; fileRef = 2518B9B91ACA25730030A7AA /* HelpViewController.swift */; };
		2518B9BE1ACB1F0F0030A7AA /* HelpPageViewController.swift in Sources */ = {isa = PBXBuildFile; fileRef = 2518B9BD1ACB1F0F0030A7AA /* HelpPageViewController.swift */; };
		25332ADD1AF805B4000500D9 /* credits.png in Resources */ = {isa = PBXBuildFile; fileRef = 25332ADC1AF805B4000500D9 /* credits.png */; };
		25495E7D1ABCD517005CB787 /* NewProjectViewController.swift in Sources */ = {isa = PBXBuildFile; fileRef = 25495E7C1ABCD517005CB787 /* NewProjectViewController.swift */; };
		25495E7F1ABF6104005CB787 /* NewProjectView.xib in Resources */ = {isa = PBXBuildFile; fileRef = 25495E7E1ABF6104005CB787 /* NewProjectView.xib */; };
		2556633C1A11555900F6F820 /* ProjectManager.swift in Sources */ = {isa = PBXBuildFile; fileRef = 2556633B1A11555900F6F820 /* ProjectManager.swift */; };
		2556636C1A13F98C00F6F820 /* ButtonSoundObject.swift in Sources */ = {isa = PBXBuildFile; fileRef = 2556636B1A13F98C00F6F820 /* ButtonSoundObject.swift */; };
		2556636E1A13F9ED00F6F820 /* SpringSoundObject.swift in Sources */ = {isa = PBXBuildFile; fileRef = 2556636D1A13F9ED00F6F820 /* SpringSoundObject.swift */; };
		255663701A13FA0000F6F820 /* SliderSoundObject.swift in Sources */ = {isa = PBXBuildFile; fileRef = 2556636F1A13FA0000F6F820 /* SliderSoundObject.swift */; };
		255663721A13FA9400F6F820 /* RouletteSoundObject.swift in Sources */ = {isa = PBXBuildFile; fileRef = 255663711A13FA9400F6F820 /* RouletteSoundObject.swift */; };
		255663741A13FAAA00F6F820 /* TreadmillSoundObject.swift in Sources */ = {isa = PBXBuildFile; fileRef = 255663731A13FAAA00F6F820 /* TreadmillSoundObject.swift */; };
		255663761A13FAB800F6F820 /* ThermalSoundObject.swift in Sources */ = {isa = PBXBuildFile; fileRef = 255663751A13FAB800F6F820 /* ThermalSoundObject.swift */; };
		2557DBDD1A13FCB20003AB5D /* CANVAS.psd in Resources */ = {isa = PBXBuildFile; fileRef = 2557DBD21A13FCB20003AB5D /* CANVAS.psd */; };
		2557DBE41A13FE940003AB5D /* button.png in Resources */ = {isa = PBXBuildFile; fileRef = 2557DBE31A13FE940003AB5D /* button.png */; };
		2557DBEE1A14067B0003AB5D /* spring.png in Resources */ = {isa = PBXBuildFile; fileRef = 2557DBED1A14067B0003AB5D /* spring.png */; };
		2557DBF01A14068C0003AB5D /* roulette.png in Resources */ = {isa = PBXBuildFile; fileRef = 2557DBEF1A14068C0003AB5D /* roulette.png */; };
		2557DBF21A1406AB0003AB5D /* slider.png in Resources */ = {isa = PBXBuildFile; fileRef = 2557DBF11A1406AB0003AB5D /* slider.png */; };
		2557DBF41A1406B80003AB5D /* thermal.png in Resources */ = {isa = PBXBuildFile; fileRef = 2557DBF31A1406B80003AB5D /* thermal.png */; };
		2557DC131A16A3000003AB5D /* PlayViewController.swift in Sources */ = {isa = PBXBuildFile; fileRef = 2557DC121A16A3000003AB5D /* PlayViewController.swift */; };
		2565333C1A44619C009F4A73 /* menubutton_edit.png in Resources */ = {isa = PBXBuildFile; fileRef = 256533371A44619C009F4A73 /* menubutton_edit.png */; };
		2565333D1A44619C009F4A73 /* roulette_icon.png in Resources */ = {isa = PBXBuildFile; fileRef = 256533381A44619C009F4A73 /* roulette_icon.png */; };
		2565333E1A44619C009F4A73 /* slider_icon.png in Resources */ = {isa = PBXBuildFile; fileRef = 256533391A44619C009F4A73 /* slider_icon.png */; };
		2565333F1A44619C009F4A73 /* spring_icon.png in Resources */ = {isa = PBXBuildFile; fileRef = 2565333A1A44619C009F4A73 /* spring_icon.png */; };
		256533401A44619C009F4A73 /* thermal_icon.png in Resources */ = {isa = PBXBuildFile; fileRef = 2565333B1A44619C009F4A73 /* thermal_icon.png */; };
		258D1FEF1A0182EE00ACFC93 /* SoundObject.swift in Sources */ = {isa = PBXBuildFile; fileRef = 258D1FEE1A0182EE00ACFC93 /* SoundObject.swift */; };
		258D1FF11A01849800ACFC93 /* ObjectsPalette.swift in Sources */ = {isa = PBXBuildFile; fileRef = 258D1FF01A01849800ACFC93 /* ObjectsPalette.swift */; };
		258D1FFB1A019BF900ACFC93 /* SoundObjectTemplate.swift in Sources */ = {isa = PBXBuildFile; fileRef = 258D1FFA1A019BF900ACFC93 /* SoundObjectTemplate.swift */; };
		259682D71A38E17500101AE2 /* menubutton_about.png in Resources */ = {isa = PBXBuildFile; fileRef = 259682D11A38E17500101AE2 /* menubutton_about.png */; };
		259682D81A38E17500101AE2 /* menubutton_projects.png in Resources */ = {isa = PBXBuildFile; fileRef = 259682D21A38E17500101AE2 /* menubutton_projects.png */; };
		259682D91A38E17500101AE2 /* menubutton_button.png in Resources */ = {isa = PBXBuildFile; fileRef = 259682D31A38E17500101AE2 /* menubutton_button.png */; };
		259682DA1A38E17500101AE2 /* menubutton_modulator.png in Resources */ = {isa = PBXBuildFile; fileRef = 259682D41A38E17500101AE2 /* menubutton_modulator.png */; };
		259682DB1A38E17500101AE2 /* menubutton_play.png in Resources */ = {isa = PBXBuildFile; fileRef = 259682D51A38E17500101AE2 /* menubutton_play.png */; };
		259682DC1A38E17500101AE2 /* menubutton_save.png in Resources */ = {isa = PBXBuildFile; fileRef = 259682D61A38E17500101AE2 /* menubutton_save.png */; };
		2599ED761AA5102500A0DC4F /* icon_29.png in Resources */ = {isa = PBXBuildFile; fileRef = 2599ED701AA5102500A0DC4F /* icon_29.png */; };
		2599ED771AA5102500A0DC4F /* icon_40.png in Resources */ = {isa = PBXBuildFile; fileRef = 2599ED711AA5102500A0DC4F /* icon_40.png */; };
		2599ED781AA5102500A0DC4F /* icon_58.png in Resources */ = {isa = PBXBuildFile; fileRef = 2599ED721AA5102500A0DC4F /* icon_58.png */; };
		2599ED791AA5102500A0DC4F /* icon_76.png in Resources */ = {isa = PBXBuildFile; fileRef = 2599ED731AA5102500A0DC4F /* icon_76.png */; };
		2599ED7A1AA5102500A0DC4F /* icon_80.png in Resources */ = {isa = PBXBuildFile; fileRef = 2599ED741AA5102500A0DC4F /* icon_80.png */; };
		2599ED7B1AA5102500A0DC4F /* icon_152.png in Resources */ = {isa = PBXBuildFile; fileRef = 2599ED751AA5102500A0DC4F /* icon_152.png */; };
		259B90A119F96D1400737E04 /* AppDelegate.swift in Sources */ = {isa = PBXBuildFile; fileRef = 259B90A019F96D1400737E04 /* AppDelegate.swift */; };
		259B90A319F96D1400737E04 /* ProjectViewController.swift in Sources */ = {isa = PBXBuildFile; fileRef = 259B90A219F96D1400737E04 /* ProjectViewController.swift */; };
		259B90B719F96D1400737E04 /* ControladorDinamicoTests.swift in Sources */ = {isa = PBXBuildFile; fileRef = 259B90B619F96D1400737E04 /* ControladorDinamicoTests.swift */; };
		259B90C919F9756200737E04 /* Images-3.xcassets in Resources */ = {isa = PBXBuildFile; fileRef = 259B90C819F9756200737E04 /* Images-3.xcassets */; };
		25A30B001AA398C400922562 /* cubes1.png in Resources */ = {isa = PBXBuildFile; fileRef = 25A30AFD1AA398C400922562 /* cubes1.png */; };
		25A30B011AA398C400922562 /* cubes2.png in Resources */ = {isa = PBXBuildFile; fileRef = 25A30AFE1AA398C400922562 /* cubes2.png */; };
		25A30B021AA398C400922562 /* cubes3.png in Resources */ = {isa = PBXBuildFile; fileRef = 25A30AFF1AA398C400922562 /* cubes3.png */; };
		25A93F6C1A1A9B7D00C9F145 /* roulette_background.png in Resources */ = {isa = PBXBuildFile; fileRef = 25A93F6A1A1A9B7D00C9F145 /* roulette_background.png */; };
		25A93F6D1A1A9B7D00C9F145 /* roulette_spinningpart.png in Resources */ = {isa = PBXBuildFile; fileRef = 25A93F6B1A1A9B7D00C9F145 /* roulette_spinningpart.png */; };
		25A93F6F1A1A9BDD00C9F145 /* RouletteSpin.swift in Sources */ = {isa = PBXBuildFile; fileRef = 25A93F6E1A1A9BDD00C9F145 /* RouletteSpin.swift */; };
		25AF9BE21A265FE400CED1CD /* roulette_frame.png in Resources */ = {isa = PBXBuildFile; fileRef = 25AF9BE01A265FE400CED1CD /* roulette_frame.png */; };
		25AF9BE31A265FE400CED1CD /* roullete_button.png in Resources */ = {isa = PBXBuildFile; fileRef = 25AF9BE11A265FE400CED1CD /* roullete_button.png */; };
		25AF9BE51A26620D00CED1CD /* RouletteButton.swift in Sources */ = {isa = PBXBuildFile; fileRef = 25AF9BE41A26620D00CED1CD /* RouletteButton.swift */; };
		25AF9BE71A266F0C00CED1CD /* RouletteFrame.swift in Sources */ = {isa = PBXBuildFile; fileRef = 25AF9BE61A266F0C00CED1CD /* RouletteFrame.swift */; };
		25AF9BE91A267ADC00CED1CD /* SpringHandle.swift in Sources */ = {isa = PBXBuildFile; fileRef = 25AF9BE81A267ADC00CED1CD /* SpringHandle.swift */; };
		25AF9BEC1A267BDE00CED1CD /* spring_background.png in Resources */ = {isa = PBXBuildFile; fileRef = 25AF9BEA1A267BDE00CED1CD /* spring_background.png */; };
		25AF9BED1A267BDE00CED1CD /* spring_stick.png in Resources */ = {isa = PBXBuildFile; fileRef = 25AF9BEB1A267BDE00CED1CD /* spring_stick.png */; };
		25B520F71A3F757900735263 /* button1_selected.png in Resources */ = {isa = PBXBuildFile; fileRef = 25B520E81A3F757900735263 /* button1_selected.png */; };
		25B520F81A3F757900735263 /* button1.png in Resources */ = {isa = PBXBuildFile; fileRef = 25B520E91A3F757900735263 /* button1.png */; };
		25B520F91A3F757900735263 /* button2_selected.png in Resources */ = {isa = PBXBuildFile; fileRef = 25B520EA1A3F757900735263 /* button2_selected.png */; };
		25B520FA1A3F757900735263 /* button2.png in Resources */ = {isa = PBXBuildFile; fileRef = 25B520EB1A3F757900735263 /* button2.png */; };
		25B520FB1A3F757900735263 /* button3_selected.png in Resources */ = {isa = PBXBuildFile; fileRef = 25B520EC1A3F757900735263 /* button3_selected.png */; };
		25B520FC1A3F757900735263 /* button3.png in Resources */ = {isa = PBXBuildFile; fileRef = 25B520ED1A3F757900735263 /* button3.png */; };
		25B520FD1A3F757900735263 /* button4_selected.png in Resources */ = {isa = PBXBuildFile; fileRef = 25B520EE1A3F757900735263 /* button4_selected.png */; };
		25B520FE1A3F757900735263 /* button4.png in Resources */ = {isa = PBXBuildFile; fileRef = 25B520EF1A3F757900735263 /* button4.png */; };
		25B520FF1A3F757900735263 /* button5.png in Resources */ = {isa = PBXBuildFile; fileRef = 25B520F01A3F757900735263 /* button5.png */; };
		25B521001A3F757900735263 /* button6_selected.png in Resources */ = {isa = PBXBuildFile; fileRef = 25B520F11A3F757900735263 /* button6_selected.png */; };
		25B521011A3F757900735263 /* button6.png in Resources */ = {isa = PBXBuildFile; fileRef = 25B520F21A3F757900735263 /* button6.png */; };
		25B521021A3F757900735263 /* button7_selected.png in Resources */ = {isa = PBXBuildFile; fileRef = 25B520F31A3F757900735263 /* button7_selected.png */; };
		25B521031A3F757900735263 /* button7.png in Resources */ = {isa = PBXBuildFile; fileRef = 25B520F41A3F757900735263 /* button7.png */; };
		25B521041A3F757900735263 /* button8_selected.png in Resources */ = {isa = PBXBuildFile; fileRef = 25B520F51A3F757900735263 /* button8_selected.png */; };
		25B521051A3F757900735263 /* button8.png in Resources */ = {isa = PBXBuildFile; fileRef = 25B520F61A3F757900735263 /* button8.png */; };
		25B521071A3F8CAA00735263 /* button5_selected.png in Resources */ = {isa = PBXBuildFile; fileRef = 25B521061A3F8CAA00735263 /* button5_selected.png */; };
		25B5210A1A3F8EEB00735263 /* buttonsDrawer.png in Resources */ = {isa = PBXBuildFile; fileRef = 25B521081A3F8EEB00735263 /* buttonsDrawer.png */; };
		25B5210B1A3F8EEB00735263 /* modulatorDrawer.png in Resources */ = {isa = PBXBuildFile; fileRef = 25B521091A3F8EEB00735263 /* modulatorDrawer.png */; };
		25B521161A3F9C6B00735263 /* savestate_button1_selected.png in Resources */ = {isa = PBXBuildFile; fileRef = 25B5210D1A3F9C6B00735263 /* savestate_button1_selected.png */; };
		25B521171A3F9C6B00735263 /* savestate_button1.png in Resources */ = {isa = PBXBuildFile; fileRef = 25B5210E1A3F9C6B00735263 /* savestate_button1.png */; };
		25B521181A3F9C6B00735263 /* savestate_button2_selected.png in Resources */ = {isa = PBXBuildFile; fileRef = 25B5210F1A3F9C6B00735263 /* savestate_button2_selected.png */; };
		25B521191A3F9C6B00735263 /* savestate_button2.png in Resources */ = {isa = PBXBuildFile; fileRef = 25B521101A3F9C6B00735263 /* savestate_button2.png */; };
		25B5211A1A3F9C6B00735263 /* savestate_button3_selected.png in Resources */ = {isa = PBXBuildFile; fileRef = 25B521111A3F9C6B00735263 /* savestate_button3_selected.png */; };
		25B5211B1A3F9C6B00735263 /* savestate_button3.png in Resources */ = {isa = PBXBuildFile; fileRef = 25B521121A3F9C6B00735263 /* savestate_button3.png */; };
		25B5211C1A3F9C6B00735263 /* savestate_button4_selected.png in Resources */ = {isa = PBXBuildFile; fileRef = 25B521131A3F9C6B00735263 /* savestate_button4_selected.png */; };
		25B5211D1A3F9C6B00735263 /* savestate_button4.png in Resources */ = {isa = PBXBuildFile; fileRef = 25B521141A3F9C6B00735263 /* savestate_button4.png */; };
		25B5211F1A3FA61100735263 /* LaunchImage.jpg in Resources */ = {isa = PBXBuildFile; fileRef = 25B5211E1A3FA61100735263 /* LaunchImage.jpg */; };
		25BBED771ADF2C9C00A2CDE0 /* SplashViewController.swift in Sources */ = {isa = PBXBuildFile; fileRef = 25BBED761ADF2C9C00A2CDE0 /* SplashViewController.swift */; };
		25BBED791ADF2DE300A2CDE0 /* sponsors.png in Resources */ = {isa = PBXBuildFile; fileRef = 25BBED781ADF2DE300A2CDE0 /* sponsors.png */; };
		25C897D31AAB7AC1006B663B /* iCarousel.m in Sources */ = {isa = PBXBuildFile; fileRef = 25C897D21AAB7AC1006B663B /* iCarousel.m */; };
		25DAE6811A61CB5A00D5E86C /* bt_play_selected.png in Resources */ = {isa = PBXBuildFile; fileRef = 25DAE67C1A61CB5A00D5E86C /* bt_play_selected.png */; };
		25DAE6821A61CB5A00D5E86C /* bt_play.png in Resources */ = {isa = PBXBuildFile; fileRef = 25DAE67D1A61CB5A00D5E86C /* bt_play.png */; };
		25DAE6831A61CB5A00D5E86C /* bt_tutorial_selected.png in Resources */ = {isa = PBXBuildFile; fileRef = 25DAE67E1A61CB5A00D5E86C /* bt_tutorial_selected.png */; };
		25DAE6841A61CB5A00D5E86C /* bt_tutorial.png in Resources */ = {isa = PBXBuildFile; fileRef = 25DAE67F1A61CB5A00D5E86C /* bt_tutorial.png */; };
		25DAE6851A61CB5A00D5E86C /* tocada_background.png in Resources */ = {isa = PBXBuildFile; fileRef = 25DAE6801A61CB5A00D5E86C /* tocada_background.png */; };
		25DAE6871A61CB8C00D5E86C /* HomeViewController.swift in Sources */ = {isa = PBXBuildFile; fileRef = 25DAE6861A61CB8C00D5E86C /* HomeViewController.swift */; };
		25DAE68F1A61D4EF00D5E86C /* bt_add_selected.png in Resources */ = {isa = PBXBuildFile; fileRef = 25DAE6891A61D4EF00D5E86C /* bt_add_selected.png */; };
		25DAE6901A61D4EF00D5E86C /* bt_add.png in Resources */ = {isa = PBXBuildFile; fileRef = 25DAE68A1A61D4EF00D5E86C /* bt_add.png */; };
		25DAE6911A61D4EF00D5E86C /* bt_open_selected.png in Resources */ = {isa = PBXBuildFile; fileRef = 25DAE68B1A61D4EF00D5E86C /* bt_open_selected.png */; };
		25DAE6921A61D4EF00D5E86C /* bt_open.png in Resources */ = {isa = PBXBuildFile; fileRef = 25DAE68C1A61D4EF00D5E86C /* bt_open.png */; };
		25DAE6931A61D4EF00D5E86C /* bt_remove_selected.png in Resources */ = {isa = PBXBuildFile; fileRef = 25DAE68D1A61D4EF00D5E86C /* bt_remove_selected.png */; };
		25DAE6941A61D4EF00D5E86C /* bt_remve.png in Resources */ = {isa = PBXBuildFile; fileRef = 25DAE68E1A61D4EF00D5E86C /* bt_remve.png */; };
		25DAE6961A61E14E00D5E86C /* bin.png in Resources */ = {isa = PBXBuildFile; fileRef = 25DAE6951A61E14E00D5E86C /* bin.png */; };
		25DAE69A1A63264400D5E86C /* HorizontalSliderSoundObject.swift in Sources */ = {isa = PBXBuildFile; fileRef = 25DAE6991A63264400D5E86C /* HorizontalSliderSoundObject.swift */; };
		25DAE69C1A63284500D5E86C /* HorizontalSliderHandle.swift in Sources */ = {isa = PBXBuildFile; fileRef = 25DAE69B1A63284500D5E86C /* HorizontalSliderHandle.swift */; };
		25DAE6A11A632AE700D5E86C /* slider_horizontal_handle.png in Resources */ = {isa = PBXBuildFile; fileRef = 25DAE69D1A632AE700D5E86C /* slider_horizontal_handle.png */; };
		25DAE6A21A632AE700D5E86C /* slider_horizontal_icon.png in Resources */ = {isa = PBXBuildFile; fileRef = 25DAE69E1A632AE700D5E86C /* slider_horizontal_icon.png */; };
		25DAE6A31A632AE700D5E86C /* slider_horizontal_track.png in Resources */ = {isa = PBXBuildFile; fileRef = 25DAE69F1A632AE700D5E86C /* slider_horizontal_track.png */; };
		25DAE6A41A632AE700D5E86C /* slider_horizontal.png in Resources */ = {isa = PBXBuildFile; fileRef = 25DAE6A01A632AE700D5E86C /* slider_horizontal.png */; };
		490120CF1A1E7BC200F3E653 /* AVFoundation.framework in Frameworks */ = {isa = PBXBuildFile; fileRef = 490120CE1A1E7BC200F3E653 /* AVFoundation.framework */; };
		4918FC731A22AEB7007E1F64 /* DelayModulator.swift in Sources */ = {isa = PBXBuildFile; fileRef = 4918FC721A22AEB7007E1F64 /* DelayModulator.swift */; };
		4918FC751A22B09A007E1F64 /* EQModulator.swift in Sources */ = {isa = PBXBuildFile; fileRef = 4918FC741A22B09A007E1F64 /* EQModulator.swift */; };
		491EECC41A18E31700F33D50 /* SliderHandle.swift in Sources */ = {isa = PBXBuildFile; fileRef = 491EECC31A18E31700F33D50 /* SliderHandle.swift */; };
		492A42A91A27BEB400731F26 /* SavedStateMenuButton.swift in Sources */ = {isa = PBXBuildFile; fileRef = 492A42A81A27BEB400731F26 /* SavedStateMenuButton.swift */; };
		492A42C41A2D38E900731F26 /* SavedStateManager.swift in Sources */ = {isa = PBXBuildFile; fileRef = 492A42C31A2D38E900731F26 /* SavedStateManager.swift */; };
		492A42C61A2D4AFD00731F26 /* piano2.sf2 in Resources */ = {isa = PBXBuildFile; fileRef = 492A42C51A2D4AF100731F26 /* piano2.sf2 */; };
		492A42C81A2D4F7900731F26 /* clarinet.sf2 in Resources */ = {isa = PBXBuildFile; fileRef = 492A42C71A2D4F7900731F26 /* clarinet.sf2 */; };
		4933E0E91A17F3FE00DDCE0D /* buttonSelected.png in Resources */ = {isa = PBXBuildFile; fileRef = 4933E0E81A17F3FE00DDCE0D /* buttonSelected.png */; };
		4933E0EB1A17F6D500DDCE0D /* Touchable.swift in Sources */ = {isa = PBXBuildFile; fileRef = 4933E0EA1A17F6D500DDCE0D /* Touchable.swift */; };
		4933E0F01A18005700DDCE0D /* sliderHandle.png in Resources */ = {isa = PBXBuildFile; fileRef = 4933E0EE1A18005700DDCE0D /* sliderHandle.png */; };
		4933E0F11A18005700DDCE0D /* sliderTrack.png in Resources */ = {isa = PBXBuildFile; fileRef = 4933E0EF1A18005700DDCE0D /* sliderTrack.png */; };
		495BDEC91A1226A8000941E8 /* PlayScene.swift in Sources */ = {isa = PBXBuildFile; fileRef = 495BDEC81A1226A8000941E8 /* PlayScene.swift */; };
		498114031ABCCE4C000F8E80 /* Main.storyboard in Resources */ = {isa = PBXBuildFile; fileRef = 259B90A419F96D1400737E04 /* Main.storyboard */; };
		49A52EA21A3A4071006F0F68 /* MidiModulator.swift in Sources */ = {isa = PBXBuildFile; fileRef = 49A52EA11A3A4071006F0F68 /* MidiModulator.swift */; };
		49A52EA41A3A40AD006F0F68 /* NodeModulator.swift in Sources */ = {isa = PBXBuildFile; fileRef = 49A52EA31A3A40AD006F0F68 /* NodeModulator.swift */; };
		49A52EA61A3A421B006F0F68 /* PitchMidiModulator.swift in Sources */ = {isa = PBXBuildFile; fileRef = 49A52EA51A3A421B006F0F68 /* PitchMidiModulator.swift */; };
		49B09B611AC9AC4B003E5F5E /* B4.aif in Resources */ = {isa = PBXBuildFile; fileRef = 49B09B491AC9AB0A003E5F5E /* B4.aif */; };
		49B09B621AC9AC4B003E5F5E /* A#4.aif in Resources */ = {isa = PBXBuildFile; fileRef = 49B09B4A1AC9AB0A003E5F5E /* A#4.aif */; };
		49B09B631AC9AC4B003E5F5E /* A4.aif in Resources */ = {isa = PBXBuildFile; fileRef = 49B09B4B1AC9AB0A003E5F5E /* A4.aif */; };
		49B09B641AC9AC4B003E5F5E /* G#4.aif in Resources */ = {isa = PBXBuildFile; fileRef = 49B09B4C1AC9AB0A003E5F5E /* G#4.aif */; };
		49B09B651AC9AC4B003E5F5E /* G4.aif in Resources */ = {isa = PBXBuildFile; fileRef = 49B09B4D1AC9AB0A003E5F5E /* G4.aif */; };
		49B09B661AC9AC4B003E5F5E /* F#4.aif in Resources */ = {isa = PBXBuildFile; fileRef = 49B09B4E1AC9AB0A003E5F5E /* F#4.aif */; };
		49B09B671AC9AC4B003E5F5E /* F4.aif in Resources */ = {isa = PBXBuildFile; fileRef = 49B09B4F1AC9AB0A003E5F5E /* F4.aif */; };
		49B09B681AC9AC4B003E5F5E /* E4.aif in Resources */ = {isa = PBXBuildFile; fileRef = 49B09B501AC9AB0A003E5F5E /* E4.aif */; };
		49B09B691AC9AC4B003E5F5E /* D#4.aif in Resources */ = {isa = PBXBuildFile; fileRef = 49B09B511AC9AB0A003E5F5E /* D#4.aif */; };
		49B09B6A1AC9AC4B003E5F5E /* D4.aif in Resources */ = {isa = PBXBuildFile; fileRef = 49B09B521AC9AB0A003E5F5E /* D4.aif */; };
		49B09B6B1AC9AC4B003E5F5E /* C#4.aif in Resources */ = {isa = PBXBuildFile; fileRef = 49B09B531AC9AB0A003E5F5E /* C#4.aif */; };
		49B09B6C1AC9AC4B003E5F5E /* C4.aif in Resources */ = {isa = PBXBuildFile; fileRef = 49B09B541AC9AB0A003E5F5E /* C4.aif */; };
		49B09B6D1AC9AC4B003E5F5E /* B3.aif in Resources */ = {isa = PBXBuildFile; fileRef = 49B09B551AC9AB0A003E5F5E /* B3.aif */; };
		49B09B6E1AC9AC4B003E5F5E /* A#3.aif in Resources */ = {isa = PBXBuildFile; fileRef = 49B09B561AC9AB0A003E5F5E /* A#3.aif */; };
		49B09B6F1AC9AC4B003E5F5E /* A3.aif in Resources */ = {isa = PBXBuildFile; fileRef = 49B09B571AC9AB0A003E5F5E /* A3.aif */; };
		49B09B701AC9AC4B003E5F5E /* G#3.aif in Resources */ = {isa = PBXBuildFile; fileRef = 49B09B581AC9AB0B003E5F5E /* G#3.aif */; };
		49B09B711AC9AC4B003E5F5E /* G3.aif in Resources */ = {isa = PBXBuildFile; fileRef = 49B09B591AC9AB0B003E5F5E /* G3.aif */; };
		49B09B721AC9AC4B003E5F5E /* F#3.aif in Resources */ = {isa = PBXBuildFile; fileRef = 49B09B5A1AC9AB0B003E5F5E /* F#3.aif */; };
		49B09B731AC9AC4B003E5F5E /* F3.aif in Resources */ = {isa = PBXBuildFile; fileRef = 49B09B5B1AC9AB0B003E5F5E /* F3.aif */; };
		49B09B741AC9AC4B003E5F5E /* E3.aif in Resources */ = {isa = PBXBuildFile; fileRef = 49B09B5C1AC9AB0B003E5F5E /* E3.aif */; };
		49B09B751AC9AC4B003E5F5E /* D#3.aif in Resources */ = {isa = PBXBuildFile; fileRef = 49B09B5D1AC9AB0B003E5F5E /* D#3.aif */; };
		49B09B761AC9AC4B003E5F5E /* D3.aif in Resources */ = {isa = PBXBuildFile; fileRef = 49B09B5E1AC9AB0B003E5F5E /* D3.aif */; };
		49B09B771AC9AC4B003E5F5E /* C#3.aif in Resources */ = {isa = PBXBuildFile; fileRef = 49B09B5F1AC9AB0B003E5F5E /* C#3.aif */; };
		49B09B781AC9AC4B003E5F5E /* C3.aif in Resources */ = {isa = PBXBuildFile; fileRef = 49B09B601AC9AB0B003E5F5E /* C3.aif */; };
		49C0152F1A1D316900DBAC0D /* SoundManager.swift in Sources */ = {isa = PBXBuildFile; fileRef = 49C0152E1A1D316900DBAC0D /* SoundManager.swift */; };
		49DD5D081A2EA1880001252C /* guitar.sf2 in Resources */ = {isa = PBXBuildFile; fileRef = 49DD5D071A2EA1880001252C /* guitar.sf2 */; };
		49EC59F91A2006C800A36D2C /* piano.sf2 in Resources */ = {isa = PBXBuildFile; fileRef = 49EC59F81A2006C800A36D2C /* piano.sf2 */; };
		49EC59FB1A2009F200A36D2C /* ModulatorNode.swift in Sources */ = {isa = PBXBuildFile; fileRef = 49EC59FA1A2009F200A36D2C /* ModulatorNode.swift */; };
		49EC59FD1A2009FA00A36D2C /* Sampler.swift in Sources */ = {isa = PBXBuildFile; fileRef = 49EC59FC1A2009FA00A36D2C /* Sampler.swift */; };
		49EC59FF1A2041BD00A36D2C /* Modulator.swift in Sources */ = {isa = PBXBuildFile; fileRef = 49EC59FE1A2041BD00A36D2C /* Modulator.swift */; };
		49EC5A011A20421600A36D2C /* ModulatedSampler.swift in Sources */ = {isa = PBXBuildFile; fileRef = 49EC5A001A20421600A36D2C /* ModulatedSampler.swift */; };
		49EC5A041A20449700A36D2C /* VolumeModulator.swift in Sources */ = {isa = PBXBuildFile; fileRef = 49EC5A031A20449700A36D2C /* VolumeModulator.swift */; };
		49EC5A061A20449F00A36D2C /* PitchModulator.swift in Sources */ = {isa = PBXBuildFile; fileRef = 49EC5A051A20449F00A36D2C /* PitchModulator.swift */; };
		49EC5A081A2044A800A36D2C /* ReverbModulator.swift in Sources */ = {isa = PBXBuildFile; fileRef = 49EC5A071A2044A800A36D2C /* ReverbModulator.swift */; };
		49EC5A0A1A2044B500A36D2C /* DistortionModulator.swift in Sources */ = {isa = PBXBuildFile; fileRef = 49EC5A091A2044B500A36D2C /* DistortionModulator.swift */; };
		49EC5A0C1A220C2E00A36D2C /* VelocityModulator.swift in Sources */ = {isa = PBXBuildFile; fileRef = 49EC5A0B1A220C2E00A36D2C /* VelocityModulator.swift */; };
		49EC5A0F1A2210B800A36D2C /* VerticalMenuBar.swift in Sources */ = {isa = PBXBuildFile; fileRef = 49EC5A0E1A2210B800A36D2C /* VerticalMenuBar.swift */; };
		49EC5A111A22168C00A36D2C /* MenuButton.swift in Sources */ = {isa = PBXBuildFile; fileRef = 49EC5A101A22168C00A36D2C /* MenuButton.swift */; };
		49EC5A131A22176100A36D2C /* DrawerMenuButton.swift in Sources */ = {isa = PBXBuildFile; fileRef = 49EC5A121A22176100A36D2C /* DrawerMenuButton.swift */; };
/* End PBXBuildFile section */

/* Begin PBXContainerItemProxy section */
		259B90B119F96D1400737E04 /* PBXContainerItemProxy */ = {
			isa = PBXContainerItemProxy;
			containerPortal = 259B909319F96D1400737E04 /* Project object */;
			proxyType = 1;
			remoteGlobalIDString = 259B909A19F96D1400737E04;
			remoteInfo = ControladorDinamico;
		};
/* End PBXContainerItemProxy section */

/* Begin PBXFileReference section */
		2505F3E41AA8231E00C030C7 /* menu_background.png */ = {isa = PBXFileReference; lastKnownFileType = image.png; name = menu_background.png; path = images/Menu/menu_background.png; sourceTree = "<group>"; };
		2505F3E61AA8C54100C030C7 /* Menu */ = {isa = PBXFileReference; lastKnownFileType = folder; name = Menu; path = images/Menu; sourceTree = "<group>"; };
		2505F3E81AA8C60F00C030C7 /* menu_play_background.png */ = {isa = PBXFileReference; lastKnownFileType = image.png; name = menu_play_background.png; path = images/Menu/menu_play_background.png; sourceTree = "<group>"; };
		2509940019FEE2CF00A6D24F /* EditViewController.swift */ = {isa = PBXFileReference; fileEncoding = 4; lastKnownFileType = sourcecode.swift; path = EditViewController.swift; sourceTree = "<group>"; };
		2509940219FEE64B00A6D24F /* SpriteKit.framework */ = {isa = PBXFileReference; lastKnownFileType = wrapper.framework; name = SpriteKit.framework; path = System/Library/Frameworks/SpriteKit.framework; sourceTree = SDKROOT; };
		2509940419FEE86500A6D24F /* EditScene.swift */ = {isa = PBXFileReference; fileEncoding = 4; lastKnownFileType = sourcecode.swift; path = EditScene.swift; sourceTree = "<group>"; };
		251174501A291CD7005E37C5 /* thermal_background.png */ = {isa = PBXFileReference; lastKnownFileType = image.png; path = thermal_background.png; sourceTree = "<group>"; };
		251174511A291CD7005E37C5 /* thermal_frame.png */ = {isa = PBXFileReference; lastKnownFileType = image.png; path = thermal_frame.png; sourceTree = "<group>"; };
		251174571A291D74005E37C5 /* ThermalFrame.swift */ = {isa = PBXFileReference; fileEncoding = 4; lastKnownFileType = sourcecode.swift; path = ThermalFrame.swift; sourceTree = "<group>"; };
		251218441A0862480025ACEE /* ControladorDinamico-Bridging-Header.h */ = {isa = PBXFileReference; lastKnownFileType = sourcecode.c.h; path = "ControladorDinamico-Bridging-Header.h"; sourceTree = "<group>"; };
		251218481A08625D0025ACEE /* Project.swift */ = {isa = PBXFileReference; fileEncoding = 4; lastKnownFileType = sourcecode.swift; path = Project.swift; sourceTree = "<group>"; };
		2518B9B71ACA1B0D0030A7AA /* edit_empty.jpg */ = {isa = PBXFileReference; lastKnownFileType = image.jpeg; path = edit_empty.jpg; sourceTree = "<group>"; };
		2518B9B91ACA25730030A7AA /* HelpViewController.swift */ = {isa = PBXFileReference; fileEncoding = 4; lastKnownFileType = sourcecode.swift; path = HelpViewController.swift; sourceTree = "<group>"; };
		2518B9BD1ACB1F0F0030A7AA /* HelpPageViewController.swift */ = {isa = PBXFileReference; fileEncoding = 4; lastKnownFileType = sourcecode.swift; path = HelpPageViewController.swift; sourceTree = "<group>"; };
		25332ADC1AF805B4000500D9 /* credits.png */ = {isa = PBXFileReference; lastKnownFileType = image.png; path = credits.png; sourceTree = "<group>"; };
		25495E7C1ABCD517005CB787 /* NewProjectViewController.swift */ = {isa = PBXFileReference; fileEncoding = 4; lastKnownFileType = sourcecode.swift; path = NewProjectViewController.swift; sourceTree = "<group>"; };
		25495E7E1ABF6104005CB787 /* NewProjectView.xib */ = {isa = PBXFileReference; fileEncoding = 4; lastKnownFileType = file.xib; path = NewProjectView.xib; sourceTree = "<group>"; };
		2556633B1A11555900F6F820 /* ProjectManager.swift */ = {isa = PBXFileReference; fileEncoding = 4; lastKnownFileType = sourcecode.swift; path = ProjectManager.swift; sourceTree = "<group>"; };
		2556636B1A13F98C00F6F820 /* ButtonSoundObject.swift */ = {isa = PBXFileReference; fileEncoding = 4; lastKnownFileType = sourcecode.swift; path = ButtonSoundObject.swift; sourceTree = "<group>"; };
		2556636D1A13F9ED00F6F820 /* SpringSoundObject.swift */ = {isa = PBXFileReference; fileEncoding = 4; lastKnownFileType = sourcecode.swift; path = SpringSoundObject.swift; sourceTree = "<group>"; };
		2556636F1A13FA0000F6F820 /* SliderSoundObject.swift */ = {isa = PBXFileReference; fileEncoding = 4; lastKnownFileType = sourcecode.swift; path = SliderSoundObject.swift; sourceTree = "<group>"; };
		255663711A13FA9400F6F820 /* RouletteSoundObject.swift */ = {isa = PBXFileReference; fileEncoding = 4; lastKnownFileType = sourcecode.swift; path = RouletteSoundObject.swift; sourceTree = "<group>"; };
		255663731A13FAAA00F6F820 /* TreadmillSoundObject.swift */ = {isa = PBXFileReference; fileEncoding = 4; lastKnownFileType = sourcecode.swift; path = TreadmillSoundObject.swift; sourceTree = "<group>"; };
		255663751A13FAB800F6F820 /* ThermalSoundObject.swift */ = {isa = PBXFileReference; fileEncoding = 4; lastKnownFileType = sourcecode.swift; path = ThermalSoundObject.swift; sourceTree = "<group>"; };
		2557DBD21A13FCB20003AB5D /* CANVAS.psd */ = {isa = PBXFileReference; lastKnownFileType = file; path = CANVAS.psd; sourceTree = "<group>"; };
		2557DBE31A13FE940003AB5D /* button.png */ = {isa = PBXFileReference; lastKnownFileType = image.png; path = button.png; sourceTree = "<group>"; };
		2557DBED1A14067B0003AB5D /* spring.png */ = {isa = PBXFileReference; lastKnownFileType = image.png; path = spring.png; sourceTree = "<group>"; };
		2557DBEF1A14068C0003AB5D /* roulette.png */ = {isa = PBXFileReference; lastKnownFileType = image.png; path = roulette.png; sourceTree = "<group>"; };
		2557DBF11A1406AB0003AB5D /* slider.png */ = {isa = PBXFileReference; lastKnownFileType = image.png; path = slider.png; sourceTree = "<group>"; };
		2557DBF31A1406B80003AB5D /* thermal.png */ = {isa = PBXFileReference; lastKnownFileType = image.png; path = thermal.png; sourceTree = "<group>"; };
		2557DC121A16A3000003AB5D /* PlayViewController.swift */ = {isa = PBXFileReference; fileEncoding = 4; lastKnownFileType = sourcecode.swift; path = PlayViewController.swift; sourceTree = "<group>"; };
		256533371A44619C009F4A73 /* menubutton_edit.png */ = {isa = PBXFileReference; lastKnownFileType = image.png; name = menubutton_edit.png; path = images/Menu/menubutton_edit.png; sourceTree = "<group>"; };
		256533381A44619C009F4A73 /* roulette_icon.png */ = {isa = PBXFileReference; lastKnownFileType = image.png; name = roulette_icon.png; path = images/Menu/roulette_icon.png; sourceTree = "<group>"; };
		256533391A44619C009F4A73 /* slider_icon.png */ = {isa = PBXFileReference; lastKnownFileType = image.png; name = slider_icon.png; path = images/Menu/slider_icon.png; sourceTree = "<group>"; };
		2565333A1A44619C009F4A73 /* spring_icon.png */ = {isa = PBXFileReference; lastKnownFileType = image.png; name = spring_icon.png; path = images/Menu/spring_icon.png; sourceTree = "<group>"; };
		2565333B1A44619C009F4A73 /* thermal_icon.png */ = {isa = PBXFileReference; lastKnownFileType = image.png; name = thermal_icon.png; path = images/Menu/thermal_icon.png; sourceTree = "<group>"; };
		258D1FEE1A0182EE00ACFC93 /* SoundObject.swift */ = {isa = PBXFileReference; fileEncoding = 4; lastKnownFileType = sourcecode.swift; path = SoundObject.swift; sourceTree = "<group>"; };
		258D1FF01A01849800ACFC93 /* ObjectsPalette.swift */ = {isa = PBXFileReference; fileEncoding = 4; lastKnownFileType = sourcecode.swift; path = ObjectsPalette.swift; sourceTree = "<group>"; };
		258D1FFA1A019BF900ACFC93 /* SoundObjectTemplate.swift */ = {isa = PBXFileReference; fileEncoding = 4; lastKnownFileType = sourcecode.swift; path = SoundObjectTemplate.swift; sourceTree = "<group>"; };
		259682D11A38E17500101AE2 /* menubutton_about.png */ = {isa = PBXFileReference; lastKnownFileType = image.png; name = menubutton_about.png; path = images/Menu/menubutton_about.png; sourceTree = "<group>"; };
		259682D21A38E17500101AE2 /* menubutton_projects.png */ = {isa = PBXFileReference; lastKnownFileType = image.png; name = menubutton_projects.png; path = images/Menu/menubutton_projects.png; sourceTree = "<group>"; };
		259682D31A38E17500101AE2 /* menubutton_button.png */ = {isa = PBXFileReference; lastKnownFileType = image.png; name = menubutton_button.png; path = images/Menu/menubutton_button.png; sourceTree = "<group>"; };
		259682D41A38E17500101AE2 /* menubutton_modulator.png */ = {isa = PBXFileReference; lastKnownFileType = image.png; name = menubutton_modulator.png; path = images/Menu/menubutton_modulator.png; sourceTree = "<group>"; };
		259682D51A38E17500101AE2 /* menubutton_play.png */ = {isa = PBXFileReference; lastKnownFileType = image.png; name = menubutton_play.png; path = images/Menu/menubutton_play.png; sourceTree = "<group>"; };
		259682D61A38E17500101AE2 /* menubutton_save.png */ = {isa = PBXFileReference; lastKnownFileType = image.png; name = menubutton_save.png; path = images/Menu/menubutton_save.png; sourceTree = "<group>"; };
		2599ED701AA5102500A0DC4F /* icon_29.png */ = {isa = PBXFileReference; lastKnownFileType = image.png; name = icon_29.png; path = icon/icon_29.png; sourceTree = "<group>"; };
		2599ED711AA5102500A0DC4F /* icon_40.png */ = {isa = PBXFileReference; lastKnownFileType = image.png; name = icon_40.png; path = icon/icon_40.png; sourceTree = "<group>"; };
		2599ED721AA5102500A0DC4F /* icon_58.png */ = {isa = PBXFileReference; lastKnownFileType = image.png; name = icon_58.png; path = icon/icon_58.png; sourceTree = "<group>"; };
		2599ED731AA5102500A0DC4F /* icon_76.png */ = {isa = PBXFileReference; lastKnownFileType = image.png; name = icon_76.png; path = icon/icon_76.png; sourceTree = "<group>"; };
		2599ED741AA5102500A0DC4F /* icon_80.png */ = {isa = PBXFileReference; lastKnownFileType = image.png; name = icon_80.png; path = icon/icon_80.png; sourceTree = "<group>"; };
		2599ED751AA5102500A0DC4F /* icon_152.png */ = {isa = PBXFileReference; lastKnownFileType = image.png; name = icon_152.png; path = icon/icon_152.png; sourceTree = "<group>"; };
		259B909B19F96D1400737E04 /* Tocada.app */ = {isa = PBXFileReference; explicitFileType = wrapper.application; includeInIndex = 0; path = Tocada.app; sourceTree = BUILT_PRODUCTS_DIR; };
		259B909F19F96D1400737E04 /* Info.plist */ = {isa = PBXFileReference; lastKnownFileType = text.plist.xml; path = Info.plist; sourceTree = "<group>"; };
		259B90A019F96D1400737E04 /* AppDelegate.swift */ = {isa = PBXFileReference; lastKnownFileType = sourcecode.swift; path = AppDelegate.swift; sourceTree = "<group>"; };
		259B90A219F96D1400737E04 /* ProjectViewController.swift */ = {isa = PBXFileReference; lastKnownFileType = sourcecode.swift; path = ProjectViewController.swift; sourceTree = "<group>"; };
		259B90A519F96D1400737E04 /* Base */ = {isa = PBXFileReference; lastKnownFileType = file.storyboard; name = Base; path = Base.lproj/Main.storyboard; sourceTree = "<group>"; };
		259B90B019F96D1400737E04 /* ControladorDinamicoTests.xctest */ = {isa = PBXFileReference; explicitFileType = wrapper.cfbundle; includeInIndex = 0; path = ControladorDinamicoTests.xctest; sourceTree = BUILT_PRODUCTS_DIR; };
		259B90B519F96D1400737E04 /* Info.plist */ = {isa = PBXFileReference; lastKnownFileType = text.plist.xml; path = Info.plist; sourceTree = "<group>"; };
		259B90B619F96D1400737E04 /* ControladorDinamicoTests.swift */ = {isa = PBXFileReference; lastKnownFileType = sourcecode.swift; path = ControladorDinamicoTests.swift; sourceTree = "<group>"; };
		259B90C819F9756200737E04 /* Images-3.xcassets */ = {isa = PBXFileReference; lastKnownFileType = folder.assetcatalog; path = "Images-3.xcassets"; sourceTree = "<group>"; };
		25A30AFD1AA398C400922562 /* cubes1.png */ = {isa = PBXFileReference; lastKnownFileType = image.png; name = cubes1.png; path = cubes_animation/cubes1.png; sourceTree = "<group>"; };
		25A30AFE1AA398C400922562 /* cubes2.png */ = {isa = PBXFileReference; lastKnownFileType = image.png; name = cubes2.png; path = cubes_animation/cubes2.png; sourceTree = "<group>"; };
		25A30AFF1AA398C400922562 /* cubes3.png */ = {isa = PBXFileReference; lastKnownFileType = image.png; name = cubes3.png; path = cubes_animation/cubes3.png; sourceTree = "<group>"; };
		25A93F6A1A1A9B7D00C9F145 /* roulette_background.png */ = {isa = PBXFileReference; lastKnownFileType = image.png; path = roulette_background.png; sourceTree = "<group>"; };
		25A93F6B1A1A9B7D00C9F145 /* roulette_spinningpart.png */ = {isa = PBXFileReference; lastKnownFileType = image.png; path = roulette_spinningpart.png; sourceTree = "<group>"; };
		25A93F6E1A1A9BDD00C9F145 /* RouletteSpin.swift */ = {isa = PBXFileReference; fileEncoding = 4; lastKnownFileType = sourcecode.swift; path = RouletteSpin.swift; sourceTree = "<group>"; };
		25AF9BE01A265FE400CED1CD /* roulette_frame.png */ = {isa = PBXFileReference; lastKnownFileType = image.png; path = roulette_frame.png; sourceTree = "<group>"; };
		25AF9BE11A265FE400CED1CD /* roullete_button.png */ = {isa = PBXFileReference; lastKnownFileType = image.png; path = roullete_button.png; sourceTree = "<group>"; };
		25AF9BE41A26620D00CED1CD /* RouletteButton.swift */ = {isa = PBXFileReference; fileEncoding = 4; lastKnownFileType = sourcecode.swift; path = RouletteButton.swift; sourceTree = "<group>"; };
		25AF9BE61A266F0C00CED1CD /* RouletteFrame.swift */ = {isa = PBXFileReference; fileEncoding = 4; lastKnownFileType = sourcecode.swift; path = RouletteFrame.swift; sourceTree = "<group>"; };
		25AF9BE81A267ADC00CED1CD /* SpringHandle.swift */ = {isa = PBXFileReference; fileEncoding = 4; lastKnownFileType = sourcecode.swift; path = SpringHandle.swift; sourceTree = "<group>"; };
		25AF9BEA1A267BDE00CED1CD /* spring_background.png */ = {isa = PBXFileReference; lastKnownFileType = image.png; path = spring_background.png; sourceTree = "<group>"; };
		25AF9BEB1A267BDE00CED1CD /* spring_stick.png */ = {isa = PBXFileReference; lastKnownFileType = image.png; path = spring_stick.png; sourceTree = "<group>"; };
		25B520E81A3F757900735263 /* button1_selected.png */ = {isa = PBXFileReference; lastKnownFileType = image.png; path = button1_selected.png; sourceTree = "<group>"; };
		25B520E91A3F757900735263 /* button1.png */ = {isa = PBXFileReference; lastKnownFileType = image.png; path = button1.png; sourceTree = "<group>"; };
		25B520EA1A3F757900735263 /* button2_selected.png */ = {isa = PBXFileReference; lastKnownFileType = image.png; path = button2_selected.png; sourceTree = "<group>"; };
		25B520EB1A3F757900735263 /* button2.png */ = {isa = PBXFileReference; lastKnownFileType = image.png; path = button2.png; sourceTree = "<group>"; };
		25B520EC1A3F757900735263 /* button3_selected.png */ = {isa = PBXFileReference; lastKnownFileType = image.png; path = button3_selected.png; sourceTree = "<group>"; };
		25B520ED1A3F757900735263 /* button3.png */ = {isa = PBXFileReference; lastKnownFileType = image.png; path = button3.png; sourceTree = "<group>"; };
		25B520EE1A3F757900735263 /* button4_selected.png */ = {isa = PBXFileReference; lastKnownFileType = image.png; path = button4_selected.png; sourceTree = "<group>"; };
		25B520EF1A3F757900735263 /* button4.png */ = {isa = PBXFileReference; lastKnownFileType = image.png; path = button4.png; sourceTree = "<group>"; };
		25B520F01A3F757900735263 /* button5.png */ = {isa = PBXFileReference; lastKnownFileType = image.png; path = button5.png; sourceTree = "<group>"; };
		25B520F11A3F757900735263 /* button6_selected.png */ = {isa = PBXFileReference; lastKnownFileType = image.png; path = button6_selected.png; sourceTree = "<group>"; };
		25B520F21A3F757900735263 /* button6.png */ = {isa = PBXFileReference; lastKnownFileType = image.png; path = button6.png; sourceTree = "<group>"; };
		25B520F31A3F757900735263 /* button7_selected.png */ = {isa = PBXFileReference; lastKnownFileType = image.png; path = button7_selected.png; sourceTree = "<group>"; };
		25B520F41A3F757900735263 /* button7.png */ = {isa = PBXFileReference; lastKnownFileType = image.png; path = button7.png; sourceTree = "<group>"; };
		25B520F51A3F757900735263 /* button8_selected.png */ = {isa = PBXFileReference; lastKnownFileType = image.png; path = button8_selected.png; sourceTree = "<group>"; };
		25B520F61A3F757900735263 /* button8.png */ = {isa = PBXFileReference; lastKnownFileType = image.png; path = button8.png; sourceTree = "<group>"; };
		25B521061A3F8CAA00735263 /* button5_selected.png */ = {isa = PBXFileReference; lastKnownFileType = image.png; path = button5_selected.png; sourceTree = "<group>"; };
		25B521081A3F8EEB00735263 /* buttonsDrawer.png */ = {isa = PBXFileReference; lastKnownFileType = image.png; name = buttonsDrawer.png; path = images/Menu/buttonsDrawer.png; sourceTree = "<group>"; };
		25B521091A3F8EEB00735263 /* modulatorDrawer.png */ = {isa = PBXFileReference; lastKnownFileType = image.png; name = modulatorDrawer.png; path = images/Menu/modulatorDrawer.png; sourceTree = "<group>"; };
		25B5210D1A3F9C6B00735263 /* savestate_button1_selected.png */ = {isa = PBXFileReference; lastKnownFileType = image.png; name = savestate_button1_selected.png; path = images/savestate/savestate_button1_selected.png; sourceTree = "<group>"; };
		25B5210E1A3F9C6B00735263 /* savestate_button1.png */ = {isa = PBXFileReference; lastKnownFileType = image.png; name = savestate_button1.png; path = images/savestate/savestate_button1.png; sourceTree = "<group>"; };
		25B5210F1A3F9C6B00735263 /* savestate_button2_selected.png */ = {isa = PBXFileReference; lastKnownFileType = image.png; name = savestate_button2_selected.png; path = images/savestate/savestate_button2_selected.png; sourceTree = "<group>"; };
		25B521101A3F9C6B00735263 /* savestate_button2.png */ = {isa = PBXFileReference; lastKnownFileType = image.png; name = savestate_button2.png; path = images/savestate/savestate_button2.png; sourceTree = "<group>"; };
		25B521111A3F9C6B00735263 /* savestate_button3_selected.png */ = {isa = PBXFileReference; lastKnownFileType = image.png; name = savestate_button3_selected.png; path = images/savestate/savestate_button3_selected.png; sourceTree = "<group>"; };
		25B521121A3F9C6B00735263 /* savestate_button3.png */ = {isa = PBXFileReference; lastKnownFileType = image.png; name = savestate_button3.png; path = images/savestate/savestate_button3.png; sourceTree = "<group>"; };
		25B521131A3F9C6B00735263 /* savestate_button4_selected.png */ = {isa = PBXFileReference; lastKnownFileType = image.png; name = savestate_button4_selected.png; path = images/savestate/savestate_button4_selected.png; sourceTree = "<group>"; };
		25B521141A3F9C6B00735263 /* savestate_button4.png */ = {isa = PBXFileReference; lastKnownFileType = image.png; name = savestate_button4.png; path = images/savestate/savestate_button4.png; sourceTree = "<group>"; };
		25B5211E1A3FA61100735263 /* LaunchImage.jpg */ = {isa = PBXFileReference; lastKnownFileType = image.jpeg; path = LaunchImage.jpg; sourceTree = "<group>"; };
		25BBED761ADF2C9C00A2CDE0 /* SplashViewController.swift */ = {isa = PBXFileReference; fileEncoding = 4; lastKnownFileType = sourcecode.swift; path = SplashViewController.swift; sourceTree = "<group>"; };
		25BBED781ADF2DE300A2CDE0 /* sponsors.png */ = {isa = PBXFileReference; lastKnownFileType = image.png; path = sponsors.png; sourceTree = "<group>"; };
		25C897D11AAB7AC1006B663B /* iCarousel.h */ = {isa = PBXFileReference; fileEncoding = 4; lastKnownFileType = sourcecode.c.h; path = iCarousel.h; sourceTree = "<group>"; };
		25C897D21AAB7AC1006B663B /* iCarousel.m */ = {isa = PBXFileReference; fileEncoding = 4; lastKnownFileType = sourcecode.c.objc; path = iCarousel.m; sourceTree = "<group>"; };
		25DAE67C1A61CB5A00D5E86C /* bt_play_selected.png */ = {isa = PBXFileReference; lastKnownFileType = image.png; path = bt_play_selected.png; sourceTree = "<group>"; };
		25DAE67D1A61CB5A00D5E86C /* bt_play.png */ = {isa = PBXFileReference; lastKnownFileType = image.png; path = bt_play.png; sourceTree = "<group>"; };
		25DAE67E1A61CB5A00D5E86C /* bt_tutorial_selected.png */ = {isa = PBXFileReference; lastKnownFileType = image.png; path = bt_tutorial_selected.png; sourceTree = "<group>"; };
		25DAE67F1A61CB5A00D5E86C /* bt_tutorial.png */ = {isa = PBXFileReference; lastKnownFileType = image.png; path = bt_tutorial.png; sourceTree = "<group>"; };
		25DAE6801A61CB5A00D5E86C /* tocada_background.png */ = {isa = PBXFileReference; lastKnownFileType = image.png; path = tocada_background.png; sourceTree = "<group>"; };
		25DAE6861A61CB8C00D5E86C /* HomeViewController.swift */ = {isa = PBXFileReference; fileEncoding = 4; lastKnownFileType = sourcecode.swift; path = HomeViewController.swift; sourceTree = "<group>"; };
		25DAE6891A61D4EF00D5E86C /* bt_add_selected.png */ = {isa = PBXFileReference; lastKnownFileType = image.png; path = bt_add_selected.png; sourceTree = "<group>"; };
		25DAE68A1A61D4EF00D5E86C /* bt_add.png */ = {isa = PBXFileReference; lastKnownFileType = image.png; path = bt_add.png; sourceTree = "<group>"; };
		25DAE68B1A61D4EF00D5E86C /* bt_open_selected.png */ = {isa = PBXFileReference; lastKnownFileType = image.png; path = bt_open_selected.png; sourceTree = "<group>"; };
		25DAE68C1A61D4EF00D5E86C /* bt_open.png */ = {isa = PBXFileReference; lastKnownFileType = image.png; path = bt_open.png; sourceTree = "<group>"; };
		25DAE68D1A61D4EF00D5E86C /* bt_remove_selected.png */ = {isa = PBXFileReference; lastKnownFileType = image.png; path = bt_remove_selected.png; sourceTree = "<group>"; };
		25DAE68E1A61D4EF00D5E86C /* bt_remve.png */ = {isa = PBXFileReference; lastKnownFileType = image.png; path = bt_remve.png; sourceTree = "<group>"; };
		25DAE6951A61E14E00D5E86C /* bin.png */ = {isa = PBXFileReference; lastKnownFileType = image.png; path = bin.png; sourceTree = "<group>"; };
		25DAE6991A63264400D5E86C /* HorizontalSliderSoundObject.swift */ = {isa = PBXFileReference; fileEncoding = 4; lastKnownFileType = sourcecode.swift; path = HorizontalSliderSoundObject.swift; sourceTree = "<group>"; };
		25DAE69B1A63284500D5E86C /* HorizontalSliderHandle.swift */ = {isa = PBXFileReference; fileEncoding = 4; lastKnownFileType = sourcecode.swift; path = HorizontalSliderHandle.swift; sourceTree = "<group>"; };
		25DAE69D1A632AE700D5E86C /* slider_horizontal_handle.png */ = {isa = PBXFileReference; lastKnownFileType = image.png; path = slider_horizontal_handle.png; sourceTree = "<group>"; };
		25DAE69E1A632AE700D5E86C /* slider_horizontal_icon.png */ = {isa = PBXFileReference; lastKnownFileType = image.png; path = slider_horizontal_icon.png; sourceTree = "<group>"; };
		25DAE69F1A632AE700D5E86C /* slider_horizontal_track.png */ = {isa = PBXFileReference; lastKnownFileType = image.png; path = slider_horizontal_track.png; sourceTree = "<group>"; };
		25DAE6A01A632AE700D5E86C /* slider_horizontal.png */ = {isa = PBXFileReference; lastKnownFileType = image.png; path = slider_horizontal.png; sourceTree = "<group>"; };
		490120CE1A1E7BC200F3E653 /* AVFoundation.framework */ = {isa = PBXFileReference; lastKnownFileType = wrapper.framework; name = AVFoundation.framework; path = System/Library/Frameworks/AVFoundation.framework; sourceTree = SDKROOT; };
		4918FC721A22AEB7007E1F64 /* DelayModulator.swift */ = {isa = PBXFileReference; fileEncoding = 4; lastKnownFileType = sourcecode.swift; path = DelayModulator.swift; sourceTree = "<group>"; };
		4918FC741A22B09A007E1F64 /* EQModulator.swift */ = {isa = PBXFileReference; fileEncoding = 4; lastKnownFileType = sourcecode.swift; path = EQModulator.swift; sourceTree = "<group>"; };
		491EECC31A18E31700F33D50 /* SliderHandle.swift */ = {isa = PBXFileReference; fileEncoding = 4; lastKnownFileType = sourcecode.swift; path = SliderHandle.swift; sourceTree = "<group>"; };
		492A42A81A27BEB400731F26 /* SavedStateMenuButton.swift */ = {isa = PBXFileReference; fileEncoding = 4; lastKnownFileType = sourcecode.swift; path = SavedStateMenuButton.swift; sourceTree = "<group>"; };
		492A42C31A2D38E900731F26 /* SavedStateManager.swift */ = {isa = PBXFileReference; fileEncoding = 4; lastKnownFileType = sourcecode.swift; path = SavedStateManager.swift; sourceTree = "<group>"; };
		492A42C51A2D4AF100731F26 /* piano2.sf2 */ = {isa = PBXFileReference; lastKnownFileType = file; path = piano2.sf2; sourceTree = "<group>"; };
		492A42C71A2D4F7900731F26 /* clarinet.sf2 */ = {isa = PBXFileReference; lastKnownFileType = file; path = clarinet.sf2; sourceTree = "<group>"; };
		4933E0E81A17F3FE00DDCE0D /* buttonSelected.png */ = {isa = PBXFileReference; lastKnownFileType = image.png; path = buttonSelected.png; sourceTree = "<group>"; };
		4933E0EA1A17F6D500DDCE0D /* Touchable.swift */ = {isa = PBXFileReference; fileEncoding = 4; lastKnownFileType = sourcecode.swift; path = Touchable.swift; sourceTree = "<group>"; };
		4933E0EE1A18005700DDCE0D /* sliderHandle.png */ = {isa = PBXFileReference; lastKnownFileType = image.png; path = sliderHandle.png; sourceTree = "<group>"; };
		4933E0EF1A18005700DDCE0D /* sliderTrack.png */ = {isa = PBXFileReference; lastKnownFileType = image.png; path = sliderTrack.png; sourceTree = "<group>"; };
		495BDEC81A1226A8000941E8 /* PlayScene.swift */ = {isa = PBXFileReference; fileEncoding = 4; lastKnownFileType = sourcecode.swift; path = PlayScene.swift; sourceTree = "<group>"; };
		49A52EA11A3A4071006F0F68 /* MidiModulator.swift */ = {isa = PBXFileReference; fileEncoding = 4; lastKnownFileType = sourcecode.swift; path = MidiModulator.swift; sourceTree = "<group>"; };
		49A52EA31A3A40AD006F0F68 /* NodeModulator.swift */ = {isa = PBXFileReference; fileEncoding = 4; lastKnownFileType = sourcecode.swift; path = NodeModulator.swift; sourceTree = "<group>"; };
		49A52EA51A3A421B006F0F68 /* PitchMidiModulator.swift */ = {isa = PBXFileReference; fileEncoding = 4; lastKnownFileType = sourcecode.swift; path = PitchMidiModulator.swift; sourceTree = "<group>"; };
		49B09B491AC9AB0A003E5F5E /* B4.aif */ = {isa = PBXFileReference; lastKnownFileType = file; path = B4.aif; sourceTree = "<group>"; };
		49B09B4A1AC9AB0A003E5F5E /* A#4.aif */ = {isa = PBXFileReference; lastKnownFileType = file; path = "A#4.aif"; sourceTree = "<group>"; };
		49B09B4B1AC9AB0A003E5F5E /* A4.aif */ = {isa = PBXFileReference; lastKnownFileType = file; path = A4.aif; sourceTree = "<group>"; };
		49B09B4C1AC9AB0A003E5F5E /* G#4.aif */ = {isa = PBXFileReference; lastKnownFileType = file; path = "G#4.aif"; sourceTree = "<group>"; };
		49B09B4D1AC9AB0A003E5F5E /* G4.aif */ = {isa = PBXFileReference; lastKnownFileType = file; path = G4.aif; sourceTree = "<group>"; };
		49B09B4E1AC9AB0A003E5F5E /* F#4.aif */ = {isa = PBXFileReference; lastKnownFileType = file; path = "F#4.aif"; sourceTree = "<group>"; };
		49B09B4F1AC9AB0A003E5F5E /* F4.aif */ = {isa = PBXFileReference; lastKnownFileType = file; path = F4.aif; sourceTree = "<group>"; };
		49B09B501AC9AB0A003E5F5E /* E4.aif */ = {isa = PBXFileReference; lastKnownFileType = file; path = E4.aif; sourceTree = "<group>"; };
		49B09B511AC9AB0A003E5F5E /* D#4.aif */ = {isa = PBXFileReference; lastKnownFileType = file; path = "D#4.aif"; sourceTree = "<group>"; };
		49B09B521AC9AB0A003E5F5E /* D4.aif */ = {isa = PBXFileReference; lastKnownFileType = file; path = D4.aif; sourceTree = "<group>"; };
		49B09B531AC9AB0A003E5F5E /* C#4.aif */ = {isa = PBXFileReference; lastKnownFileType = file; path = "C#4.aif"; sourceTree = "<group>"; };
		49B09B541AC9AB0A003E5F5E /* C4.aif */ = {isa = PBXFileReference; lastKnownFileType = file; path = C4.aif; sourceTree = "<group>"; };
		49B09B551AC9AB0A003E5F5E /* B3.aif */ = {isa = PBXFileReference; lastKnownFileType = file; path = B3.aif; sourceTree = "<group>"; };
		49B09B561AC9AB0A003E5F5E /* A#3.aif */ = {isa = PBXFileReference; lastKnownFileType = file; path = "A#3.aif"; sourceTree = "<group>"; };
		49B09B571AC9AB0A003E5F5E /* A3.aif */ = {isa = PBXFileReference; lastKnownFileType = file; path = A3.aif; sourceTree = "<group>"; };
		49B09B581AC9AB0B003E5F5E /* G#3.aif */ = {isa = PBXFileReference; lastKnownFileType = file; path = "G#3.aif"; sourceTree = "<group>"; };
		49B09B591AC9AB0B003E5F5E /* G3.aif */ = {isa = PBXFileReference; lastKnownFileType = file; path = G3.aif; sourceTree = "<group>"; };
		49B09B5A1AC9AB0B003E5F5E /* F#3.aif */ = {isa = PBXFileReference; lastKnownFileType = file; path = "F#3.aif"; sourceTree = "<group>"; };
		49B09B5B1AC9AB0B003E5F5E /* F3.aif */ = {isa = PBXFileReference; lastKnownFileType = file; path = F3.aif; sourceTree = "<group>"; };
		49B09B5C1AC9AB0B003E5F5E /* E3.aif */ = {isa = PBXFileReference; lastKnownFileType = file; path = E3.aif; sourceTree = "<group>"; };
		49B09B5D1AC9AB0B003E5F5E /* D#3.aif */ = {isa = PBXFileReference; lastKnownFileType = file; path = "D#3.aif"; sourceTree = "<group>"; };
		49B09B5E1AC9AB0B003E5F5E /* D3.aif */ = {isa = PBXFileReference; lastKnownFileType = file; path = D3.aif; sourceTree = "<group>"; };
		49B09B5F1AC9AB0B003E5F5E /* C#3.aif */ = {isa = PBXFileReference; lastKnownFileType = file; path = "C#3.aif"; sourceTree = "<group>"; };
		49B09B601AC9AB0B003E5F5E /* C3.aif */ = {isa = PBXFileReference; lastKnownFileType = file; path = C3.aif; sourceTree = "<group>"; };
		49C0152E1A1D316900DBAC0D /* SoundManager.swift */ = {isa = PBXFileReference; fileEncoding = 4; lastKnownFileType = sourcecode.swift; path = SoundManager.swift; sourceTree = "<group>"; };
		49C015301A1D31C300DBAC0D /* AudioToolbox.framework */ = {isa = PBXFileReference; lastKnownFileType = wrapper.framework; name = AudioToolbox.framework; path = System/Library/Frameworks/AudioToolbox.framework; sourceTree = SDKROOT; };
		49DD5D071A2EA1880001252C /* guitar.sf2 */ = {isa = PBXFileReference; lastKnownFileType = file; path = guitar.sf2; sourceTree = "<group>"; };
		49EC59F81A2006C800A36D2C /* piano.sf2 */ = {isa = PBXFileReference; lastKnownFileType = file; path = piano.sf2; sourceTree = "<group>"; };
		49EC59FA1A2009F200A36D2C /* ModulatorNode.swift */ = {isa = PBXFileReference; fileEncoding = 4; lastKnownFileType = sourcecode.swift; path = ModulatorNode.swift; sourceTree = "<group>"; };
		49EC59FC1A2009FA00A36D2C /* Sampler.swift */ = {isa = PBXFileReference; fileEncoding = 4; lastKnownFileType = sourcecode.swift; path = Sampler.swift; sourceTree = "<group>"; };
		49EC59FE1A2041BD00A36D2C /* Modulator.swift */ = {isa = PBXFileReference; fileEncoding = 4; lastKnownFileType = sourcecode.swift; path = Modulator.swift; sourceTree = "<group>"; };
		49EC5A001A20421600A36D2C /* ModulatedSampler.swift */ = {isa = PBXFileReference; fileEncoding = 4; lastKnownFileType = sourcecode.swift; path = ModulatedSampler.swift; sourceTree = "<group>"; };
		49EC5A031A20449700A36D2C /* VolumeModulator.swift */ = {isa = PBXFileReference; fileEncoding = 4; lastKnownFileType = sourcecode.swift; path = VolumeModulator.swift; sourceTree = "<group>"; };
		49EC5A051A20449F00A36D2C /* PitchModulator.swift */ = {isa = PBXFileReference; fileEncoding = 4; lastKnownFileType = sourcecode.swift; path = PitchModulator.swift; sourceTree = "<group>"; };
		49EC5A071A2044A800A36D2C /* ReverbModulator.swift */ = {isa = PBXFileReference; fileEncoding = 4; lastKnownFileType = sourcecode.swift; path = ReverbModulator.swift; sourceTree = "<group>"; };
		49EC5A091A2044B500A36D2C /* DistortionModulator.swift */ = {isa = PBXFileReference; fileEncoding = 4; lastKnownFileType = sourcecode.swift; path = DistortionModulator.swift; sourceTree = "<group>"; };
		49EC5A0B1A220C2E00A36D2C /* VelocityModulator.swift */ = {isa = PBXFileReference; fileEncoding = 4; lastKnownFileType = sourcecode.swift; path = VelocityModulator.swift; sourceTree = "<group>"; };
		49EC5A0E1A2210B800A36D2C /* VerticalMenuBar.swift */ = {isa = PBXFileReference; fileEncoding = 4; lastKnownFileType = sourcecode.swift; path = VerticalMenuBar.swift; sourceTree = "<group>"; };
		49EC5A101A22168C00A36D2C /* MenuButton.swift */ = {isa = PBXFileReference; fileEncoding = 4; lastKnownFileType = sourcecode.swift; path = MenuButton.swift; sourceTree = "<group>"; };
		49EC5A121A22176100A36D2C /* DrawerMenuButton.swift */ = {isa = PBXFileReference; fileEncoding = 4; lastKnownFileType = sourcecode.swift; path = DrawerMenuButton.swift; sourceTree = "<group>"; };
/* End PBXFileReference section */

/* Begin PBXFrameworksBuildPhase section */
		259B909819F96D1400737E04 /* Frameworks */ = {
			isa = PBXFrameworksBuildPhase;
			buildActionMask = 2147483647;
			files = (
				490120CF1A1E7BC200F3E653 /* AVFoundation.framework in Frameworks */,
				2509940319FEE64B00A6D24F /* SpriteKit.framework in Frameworks */,
			);
			runOnlyForDeploymentPostprocessing = 0;
		};
		259B90AD19F96D1400737E04 /* Frameworks */ = {
			isa = PBXFrameworksBuildPhase;
			buildActionMask = 2147483647;
			files = (
			);
			runOnlyForDeploymentPostprocessing = 0;
		};
/* End PBXFrameworksBuildPhase section */

/* Begin PBXGroup section */
		2556636A1A13F95000F6F820 /* SoundObject */ = {
			isa = PBXGroup;
			children = (
				258D1FEE1A0182EE00ACFC93 /* SoundObject.swift */,
				2556636B1A13F98C00F6F820 /* ButtonSoundObject.swift */,
				2556636D1A13F9ED00F6F820 /* SpringSoundObject.swift */,
				2556636F1A13FA0000F6F820 /* SliderSoundObject.swift */,
				255663711A13FA9400F6F820 /* RouletteSoundObject.swift */,
				255663731A13FAAA00F6F820 /* TreadmillSoundObject.swift */,
				255663751A13FAB800F6F820 /* ThermalSoundObject.swift */,
				4933E0EA1A17F6D500DDCE0D /* Touchable.swift */,
				491EECC31A18E31700F33D50 /* SliderHandle.swift */,
				25A93F6E1A1A9BDD00C9F145 /* RouletteSpin.swift */,
				25AF9BE41A26620D00CED1CD /* RouletteButton.swift */,
				25AF9BE61A266F0C00CED1CD /* RouletteFrame.swift */,
				25AF9BE81A267ADC00CED1CD /* SpringHandle.swift */,
				251174571A291D74005E37C5 /* ThermalFrame.swift */,
				25DAE6991A63264400D5E86C /* HorizontalSliderSoundObject.swift */,
				25DAE69B1A63284500D5E86C /* HorizontalSliderHandle.swift */,
			);
			name = SoundObject;
			sourceTree = "<group>";
		};
		2557DBCE1A13FCB20003AB5D /* images */ = {
			isa = PBXGroup;
			children = (
				25332ADC1AF805B4000500D9 /* credits.png */,
				2599ED701AA5102500A0DC4F /* icon_29.png */,
				25BBED781ADF2DE300A2CDE0 /* sponsors.png */,
				2599ED711AA5102500A0DC4F /* icon_40.png */,
				2599ED721AA5102500A0DC4F /* icon_58.png */,
				2599ED731AA5102500A0DC4F /* icon_76.png */,
				2518B9B71ACA1B0D0030A7AA /* edit_empty.jpg */,
				2599ED741AA5102500A0DC4F /* icon_80.png */,
				2599ED751AA5102500A0DC4F /* icon_152.png */,
				25A30AFD1AA398C400922562 /* cubes1.png */,
				25A30AFE1AA398C400922562 /* cubes2.png */,
				25A30AFF1AA398C400922562 /* cubes3.png */,
				25DAE6881A61D4E000D5E86C /* ProjectsView */,
				25DAE67B1A61C99600D5E86C /* HomeView */,
				25B5211E1A3FA61100735263 /* LaunchImage.jpg */,
				49DD5D001A2E9FC80001252C /* Menu */,
				2557DBCF1A13FCB20003AB5D /* BOTAO */,
				2557DBD11A13FCB20003AB5D /* CANVAS */,
				2557DBD41A13FCB20003AB5D /* MOLA */,
				2557DBD61A13FCB20003AB5D /* ROLETA */,
				2557DBD81A13FCB20003AB5D /* SLIDER */,
				2557DBDA1A13FCB20003AB5D /* TERM_TOQUE */,
			);
			path = images;
			sourceTree = "<group>";
		};
		2557DBCF1A13FCB20003AB5D /* BOTAO */ = {
			isa = PBXGroup;
			children = (
				25B521061A3F8CAA00735263 /* button5_selected.png */,
				25B520E81A3F757900735263 /* button1_selected.png */,
				25B520E91A3F757900735263 /* button1.png */,
				25B520EA1A3F757900735263 /* button2_selected.png */,
				25B520EB1A3F757900735263 /* button2.png */,
				25B520EC1A3F757900735263 /* button3_selected.png */,
				25B520ED1A3F757900735263 /* button3.png */,
				25B520EE1A3F757900735263 /* button4_selected.png */,
				25B520EF1A3F757900735263 /* button4.png */,
				25B520F01A3F757900735263 /* button5.png */,
				25B520F11A3F757900735263 /* button6_selected.png */,
				25B520F21A3F757900735263 /* button6.png */,
				25B520F31A3F757900735263 /* button7_selected.png */,
				25B520F41A3F757900735263 /* button7.png */,
				25B520F51A3F757900735263 /* button8_selected.png */,
				25B520F61A3F757900735263 /* button8.png */,
				4933E0E81A17F3FE00DDCE0D /* buttonSelected.png */,
				2557DBE31A13FE940003AB5D /* button.png */,
			);
			name = BOTAO;
			path = Objects/BOTAO;
			sourceTree = "<group>";
		};
		2557DBD11A13FCB20003AB5D /* CANVAS */ = {
			isa = PBXGroup;
			children = (
				2557DBD21A13FCB20003AB5D /* CANVAS.psd */,
			);
			path = CANVAS;
			sourceTree = "<group>";
		};
		2557DBD41A13FCB20003AB5D /* MOLA */ = {
			isa = PBXGroup;
			children = (
				25AF9BEA1A267BDE00CED1CD /* spring_background.png */,
				25AF9BEB1A267BDE00CED1CD /* spring_stick.png */,
				2557DBED1A14067B0003AB5D /* spring.png */,
			);
			name = MOLA;
			path = Objects/MOLA;
			sourceTree = "<group>";
		};
		2557DBD61A13FCB20003AB5D /* ROLETA */ = {
			isa = PBXGroup;
			children = (
				25AF9BE01A265FE400CED1CD /* roulette_frame.png */,
				25AF9BE11A265FE400CED1CD /* roullete_button.png */,
				25A93F6A1A1A9B7D00C9F145 /* roulette_background.png */,
				25A93F6B1A1A9B7D00C9F145 /* roulette_spinningpart.png */,
				2557DBEF1A14068C0003AB5D /* roulette.png */,
			);
			name = ROLETA;
			path = Objects/ROLETA;
			sourceTree = "<group>";
		};
		2557DBD81A13FCB20003AB5D /* SLIDER */ = {
			isa = PBXGroup;
			children = (
				4933E0EE1A18005700DDCE0D /* sliderHandle.png */,
				25DAE69D1A632AE700D5E86C /* slider_horizontal_handle.png */,
				25DAE69E1A632AE700D5E86C /* slider_horizontal_icon.png */,
				25DAE69F1A632AE700D5E86C /* slider_horizontal_track.png */,
				25DAE6A01A632AE700D5E86C /* slider_horizontal.png */,
				4933E0EF1A18005700DDCE0D /* sliderTrack.png */,
				2557DBF11A1406AB0003AB5D /* slider.png */,
			);
			name = SLIDER;
			path = Objects/SLIDER;
			sourceTree = "<group>";
		};
		2557DBDA1A13FCB20003AB5D /* TERM_TOQUE */ = {
			isa = PBXGroup;
			children = (
				251174501A291CD7005E37C5 /* thermal_background.png */,
				251174511A291CD7005E37C5 /* thermal_frame.png */,
				2557DBF31A1406B80003AB5D /* thermal.png */,
			);
			name = TERM_TOQUE;
			path = Objects/TERM_TOQUE;
			sourceTree = "<group>";
		};
		259B909219F96D1400737E04 = {
			isa = PBXGroup;
			children = (
				490120CE1A1E7BC200F3E653 /* AVFoundation.framework */,
				49C015301A1D31C300DBAC0D /* AudioToolbox.framework */,
				2509940219FEE64B00A6D24F /* SpriteKit.framework */,
				259B909D19F96D1400737E04 /* ControladorDinamico */,
				259B90B319F96D1400737E04 /* ControladorDinamicoTests */,
				259B909C19F96D1400737E04 /* Products */,
			);
			sourceTree = "<group>";
		};
		259B909C19F96D1400737E04 /* Products */ = {
			isa = PBXGroup;
			children = (
				259B909B19F96D1400737E04 /* Tocada.app */,
				259B90B019F96D1400737E04 /* ControladorDinamicoTests.xctest */,
			);
			name = Products;
			sourceTree = "<group>";
		};
		259B909D19F96D1400737E04 /* ControladorDinamico */ = {
			isa = PBXGroup;
			children = (
				498113F21ABCCD2B000F8E80 /* SoundNotes */,
				25A30AFC1AA3967000922562 /* PlayView */,
				25A30AFB1AA3964300922562 /* ProjectsView */,
				49EC5A101A22168C00A36D2C /* MenuButton.swift */,
				49EC5A0D1A22109900A36D2C /* EditView */,
				49EC5A021A2043A400A36D2C /* Modulator */,
				49EC59F71A2006C800A36D2C /* SoundFonts */,
				2557DBCE1A13FCB20003AB5D /* images */,
				2556636A1A13F95000F6F820 /* SoundObject */,
				259B90A019F96D1400737E04 /* AppDelegate.swift */,
				259B90A419F96D1400737E04 /* Main.storyboard */,
				259B90C819F9756200737E04 /* Images-3.xcassets */,
				259B909E19F96D1400737E04 /* Supporting Files */,
				251218441A0862480025ACEE /* ControladorDinamico-Bridging-Header.h */,
				251218481A08625D0025ACEE /* Project.swift */,
				2556633B1A11555900F6F820 /* ProjectManager.swift */,
				492A42A81A27BEB400731F26 /* SavedStateMenuButton.swift */,
				492A42C31A2D38E900731F26 /* SavedStateManager.swift */,
				25DAE6861A61CB8C00D5E86C /* HomeViewController.swift */,
				2518B9B91ACA25730030A7AA /* HelpViewController.swift */,
				2518B9BD1ACB1F0F0030A7AA /* HelpPageViewController.swift */,
				25BBED761ADF2C9C00A2CDE0 /* SplashViewController.swift */,
			);
			path = ControladorDinamico;
			sourceTree = "<group>";
		};
		259B909E19F96D1400737E04 /* Supporting Files */ = {
			isa = PBXGroup;
			children = (
				259B909F19F96D1400737E04 /* Info.plist */,
			);
			name = "Supporting Files";
			sourceTree = "<group>";
		};
		259B90B319F96D1400737E04 /* ControladorDinamicoTests */ = {
			isa = PBXGroup;
			children = (
				259B90B619F96D1400737E04 /* ControladorDinamicoTests.swift */,
				259B90B419F96D1400737E04 /* Supporting Files */,
			);
			path = ControladorDinamicoTests;
			sourceTree = "<group>";
		};
		259B90B419F96D1400737E04 /* Supporting Files */ = {
			isa = PBXGroup;
			children = (
				259B90B519F96D1400737E04 /* Info.plist */,
			);
			name = "Supporting Files";
			sourceTree = "<group>";
		};
		25A30AFB1AA3964300922562 /* ProjectsView */ = {
			isa = PBXGroup;
			children = (
				259B90A219F96D1400737E04 /* ProjectViewController.swift */,
				25C897D11AAB7AC1006B663B /* iCarousel.h */,
				25C897D21AAB7AC1006B663B /* iCarousel.m */,
				25495E7C1ABCD517005CB787 /* NewProjectViewController.swift */,
				25495E7E1ABF6104005CB787 /* NewProjectView.xib */,
			);
			name = ProjectsView;
			sourceTree = "<group>";
		};
		25A30AFC1AA3967000922562 /* PlayView */ = {
			isa = PBXGroup;
			children = (
				495BDEC81A1226A8000941E8 /* PlayScene.swift */,
				2557DC121A16A3000003AB5D /* PlayViewController.swift */,
				49C0152E1A1D316900DBAC0D /* SoundManager.swift */,
			);
			name = PlayView;
			sourceTree = "<group>";
		};
		25DAE67B1A61C99600D5E86C /* HomeView */ = {
			isa = PBXGroup;
			children = (
				25DAE67C1A61CB5A00D5E86C /* bt_play_selected.png */,
				25DAE67D1A61CB5A00D5E86C /* bt_play.png */,
				25DAE67E1A61CB5A00D5E86C /* bt_tutorial_selected.png */,
				25DAE67F1A61CB5A00D5E86C /* bt_tutorial.png */,
				25DAE6801A61CB5A00D5E86C /* tocada_background.png */,
			);
			name = HomeView;
			sourceTree = "<group>";
		};
		25DAE6881A61D4E000D5E86C /* ProjectsView */ = {
			isa = PBXGroup;
			children = (
				25DAE6891A61D4EF00D5E86C /* bt_add_selected.png */,
				25DAE68A1A61D4EF00D5E86C /* bt_add.png */,
				25DAE68B1A61D4EF00D5E86C /* bt_open_selected.png */,
				25DAE68C1A61D4EF00D5E86C /* bt_open.png */,
				25DAE68D1A61D4EF00D5E86C /* bt_remove_selected.png */,
				25DAE68E1A61D4EF00D5E86C /* bt_remve.png */,
			);
			name = ProjectsView;
			sourceTree = "<group>";
		};
		498113F21ABCCD2B000F8E80 /* SoundNotes */ = {
			isa = PBXGroup;
			children = (
				49B09B491AC9AB0A003E5F5E /* B4.aif */,
				49B09B4A1AC9AB0A003E5F5E /* A#4.aif */,
				49B09B4B1AC9AB0A003E5F5E /* A4.aif */,
				49B09B4C1AC9AB0A003E5F5E /* G#4.aif */,
				49B09B4D1AC9AB0A003E5F5E /* G4.aif */,
				49B09B4E1AC9AB0A003E5F5E /* F#4.aif */,
				49B09B4F1AC9AB0A003E5F5E /* F4.aif */,
				49B09B501AC9AB0A003E5F5E /* E4.aif */,
				49B09B511AC9AB0A003E5F5E /* D#4.aif */,
				49B09B521AC9AB0A003E5F5E /* D4.aif */,
				49B09B531AC9AB0A003E5F5E /* C#4.aif */,
				49B09B541AC9AB0A003E5F5E /* C4.aif */,
				49B09B551AC9AB0A003E5F5E /* B3.aif */,
				49B09B561AC9AB0A003E5F5E /* A#3.aif */,
				49B09B571AC9AB0A003E5F5E /* A3.aif */,
				49B09B581AC9AB0B003E5F5E /* G#3.aif */,
				49B09B591AC9AB0B003E5F5E /* G3.aif */,
				49B09B5A1AC9AB0B003E5F5E /* F#3.aif */,
				49B09B5B1AC9AB0B003E5F5E /* F3.aif */,
				49B09B5C1AC9AB0B003E5F5E /* E3.aif */,
				49B09B5D1AC9AB0B003E5F5E /* D#3.aif */,
				49B09B5E1AC9AB0B003E5F5E /* D3.aif */,
				49B09B5F1AC9AB0B003E5F5E /* C#3.aif */,
				49B09B601AC9AB0B003E5F5E /* C3.aif */,
			);
			name = SoundNotes;
			sourceTree = "<group>";
		};
		49DD5D001A2E9FC80001252C /* Menu */ = {
			isa = PBXGroup;
			children = (
				2505F3E81AA8C60F00C030C7 /* menu_play_background.png */,
				2505F3E61AA8C54100C030C7 /* Menu */,
				2505F3E41AA8231E00C030C7 /* menu_background.png */,
				25DAE6951A61E14E00D5E86C /* bin.png */,
				256533371A44619C009F4A73 /* menubutton_edit.png */,
				256533381A44619C009F4A73 /* roulette_icon.png */,
				256533391A44619C009F4A73 /* slider_icon.png */,
				2565333A1A44619C009F4A73 /* spring_icon.png */,
				2565333B1A44619C009F4A73 /* thermal_icon.png */,
				25B5210D1A3F9C6B00735263 /* savestate_button1_selected.png */,
				25B5210E1A3F9C6B00735263 /* savestate_button1.png */,
				25B5210F1A3F9C6B00735263 /* savestate_button2_selected.png */,
				25B521101A3F9C6B00735263 /* savestate_button2.png */,
				25B521111A3F9C6B00735263 /* savestate_button3_selected.png */,
				25B521121A3F9C6B00735263 /* savestate_button3.png */,
				25B521131A3F9C6B00735263 /* savestate_button4_selected.png */,
				25B521141A3F9C6B00735263 /* savestate_button4.png */,
				25B521081A3F8EEB00735263 /* buttonsDrawer.png */,
				25B521091A3F8EEB00735263 /* modulatorDrawer.png */,
				259682D11A38E17500101AE2 /* menubutton_about.png */,
				259682D21A38E17500101AE2 /* menubutton_projects.png */,
				259682D31A38E17500101AE2 /* menubutton_button.png */,
				259682D41A38E17500101AE2 /* menubutton_modulator.png */,
				259682D51A38E17500101AE2 /* menubutton_play.png */,
				259682D61A38E17500101AE2 /* menubutton_save.png */,
			);
			name = Menu;
			path = ..;
			sourceTree = "<group>";
		};
		49EC59F71A2006C800A36D2C /* SoundFonts */ = {
			isa = PBXGroup;
			children = (
				49DD5D071A2EA1880001252C /* guitar.sf2 */,
				492A42C51A2D4AF100731F26 /* piano2.sf2 */,
				49EC59F81A2006C800A36D2C /* piano.sf2 */,
				492A42C71A2D4F7900731F26 /* clarinet.sf2 */,
			);
			path = SoundFonts;
			sourceTree = "<group>";
		};
		49EC5A021A2043A400A36D2C /* Modulator */ = {
			isa = PBXGroup;
			children = (
				49EC59FC1A2009FA00A36D2C /* Sampler.swift */,
				49EC59FA1A2009F200A36D2C /* ModulatorNode.swift */,
				49EC59FE1A2041BD00A36D2C /* Modulator.swift */,
				49EC5A001A20421600A36D2C /* ModulatedSampler.swift */,
				49EC5A031A20449700A36D2C /* VolumeModulator.swift */,
				49EC5A051A20449F00A36D2C /* PitchModulator.swift */,
				49EC5A071A2044A800A36D2C /* ReverbModulator.swift */,
				49EC5A091A2044B500A36D2C /* DistortionModulator.swift */,
				49EC5A0B1A220C2E00A36D2C /* VelocityModulator.swift */,
				49EC5A121A22176100A36D2C /* DrawerMenuButton.swift */,
				4918FC721A22AEB7007E1F64 /* DelayModulator.swift */,
				4918FC741A22B09A007E1F64 /* EQModulator.swift */,
				49A52EA11A3A4071006F0F68 /* MidiModulator.swift */,
				49A52EA31A3A40AD006F0F68 /* NodeModulator.swift */,
				49A52EA51A3A421B006F0F68 /* PitchMidiModulator.swift */,
			);
			name = Modulator;
			sourceTree = "<group>";
		};
		49EC5A0D1A22109900A36D2C /* EditView */ = {
			isa = PBXGroup;
			children = (
				258D1FFA1A019BF900ACFC93 /* SoundObjectTemplate.swift */,
				258D1FF01A01849800ACFC93 /* ObjectsPalette.swift */,
				2509940019FEE2CF00A6D24F /* EditViewController.swift */,
				2509940419FEE86500A6D24F /* EditScene.swift */,
				49EC5A0E1A2210B800A36D2C /* VerticalMenuBar.swift */,
			);
			name = EditView;
			sourceTree = "<group>";
		};
/* End PBXGroup section */

/* Begin PBXNativeTarget section */
		259B909A19F96D1400737E04 /* Tocada */ = {
			isa = PBXNativeTarget;
			buildConfigurationList = 259B90BA19F96D1400737E04 /* Build configuration list for PBXNativeTarget "Tocada" */;
			buildPhases = (
				259B909719F96D1400737E04 /* Sources */,
				259B909819F96D1400737E04 /* Frameworks */,
				259B909919F96D1400737E04 /* Resources */,
			);
			buildRules = (
			);
			dependencies = (
			);
			name = Tocada;
			productName = ControladorDinamico;
			productReference = 259B909B19F96D1400737E04 /* Tocada.app */;
			productType = "com.apple.product-type.application";
		};
		259B90AF19F96D1400737E04 /* ControladorDinamicoTests */ = {
			isa = PBXNativeTarget;
			buildConfigurationList = 259B90BD19F96D1400737E04 /* Build configuration list for PBXNativeTarget "ControladorDinamicoTests" */;
			buildPhases = (
				259B90AC19F96D1400737E04 /* Sources */,
				259B90AD19F96D1400737E04 /* Frameworks */,
				259B90AE19F96D1400737E04 /* Resources */,
			);
			buildRules = (
			);
			dependencies = (
				259B90B219F96D1400737E04 /* PBXTargetDependency */,
			);
			name = ControladorDinamicoTests;
			productName = ControladorDinamicoTests;
			productReference = 259B90B019F96D1400737E04 /* ControladorDinamicoTests.xctest */;
			productType = "com.apple.product-type.bundle.unit-test";
		};
/* End PBXNativeTarget section */

/* Begin PBXProject section */
		259B909319F96D1400737E04 /* Project object */ = {
			isa = PBXProject;
			attributes = {
				LastUpgradeCheck = 0600;
				ORGANIZATIONNAME = "Natália Cabral";
				TargetAttributes = {
					259B909A19F96D1400737E04 = {
						CreatedOnToolsVersion = 6.0;
						DevelopmentTeam = R73YBLR7TK;
					};
					259B90AF19F96D1400737E04 = {
						CreatedOnToolsVersion = 6.0;
						DevelopmentTeam = R73YBLR7TK;
						TestTargetID = 259B909A19F96D1400737E04;
					};
				};
			};
			buildConfigurationList = 259B909619F96D1400737E04 /* Build configuration list for PBXProject "ControladorDinamico" */;
			compatibilityVersion = "Xcode 3.2";
			developmentRegion = English;
			hasScannedForEncodings = 0;
			knownRegions = (
				en,
				Base,
			);
			mainGroup = 259B909219F96D1400737E04;
			productRefGroup = 259B909C19F96D1400737E04 /* Products */;
			projectDirPath = "";
			projectRoot = "";
			targets = (
				259B909A19F96D1400737E04 /* Tocada */,
				259B90AF19F96D1400737E04 /* ControladorDinamicoTests */,
			);
		};
/* End PBXProject section */

/* Begin PBXResourcesBuildPhase section */
		259B909919F96D1400737E04 /* Resources */ = {
			isa = PBXResourcesBuildPhase;
			buildActionMask = 2147483647;
			files = (
				49B09B611AC9AC4B003E5F5E /* B4.aif in Resources */,
				49B09B621AC9AC4B003E5F5E /* A#4.aif in Resources */,
				49B09B631AC9AC4B003E5F5E /* A4.aif in Resources */,
				49B09B641AC9AC4B003E5F5E /* G#4.aif in Resources */,
				49B09B651AC9AC4B003E5F5E /* G4.aif in Resources */,
				49B09B661AC9AC4B003E5F5E /* F#4.aif in Resources */,
				49B09B671AC9AC4B003E5F5E /* F4.aif in Resources */,
				49B09B681AC9AC4B003E5F5E /* E4.aif in Resources */,
				49B09B691AC9AC4B003E5F5E /* D#4.aif in Resources */,
				49B09B6A1AC9AC4B003E5F5E /* D4.aif in Resources */,
				49B09B6B1AC9AC4B003E5F5E /* C#4.aif in Resources */,
				49B09B6C1AC9AC4B003E5F5E /* C4.aif in Resources */,
				49B09B6D1AC9AC4B003E5F5E /* B3.aif in Resources */,
				49B09B6E1AC9AC4B003E5F5E /* A#3.aif in Resources */,
				49B09B6F1AC9AC4B003E5F5E /* A3.aif in Resources */,
				49B09B701AC9AC4B003E5F5E /* G#3.aif in Resources */,
				49B09B711AC9AC4B003E5F5E /* G3.aif in Resources */,
				49B09B721AC9AC4B003E5F5E /* F#3.aif in Resources */,
				49B09B731AC9AC4B003E5F5E /* F3.aif in Resources */,
				49B09B741AC9AC4B003E5F5E /* E3.aif in Resources */,
				49B09B751AC9AC4B003E5F5E /* D#3.aif in Resources */,
				49B09B761AC9AC4B003E5F5E /* D3.aif in Resources */,
				49B09B771AC9AC4B003E5F5E /* C#3.aif in Resources */,
				49B09B781AC9AC4B003E5F5E /* C3.aif in Resources */,
				498114031ABCCE4C000F8E80 /* Main.storyboard in Resources */,
				4933E0E91A17F3FE00DDCE0D /* buttonSelected.png in Resources */,
				25B521041A3F757900735263 /* button8_selected.png in Resources */,
				25332ADD1AF805B4000500D9 /* credits.png in Resources */,
				25DAE6851A61CB5A00D5E86C /* tocada_background.png in Resources */,
				25B5211B1A3F9C6B00735263 /* savestate_button3.png in Resources */,
				25B520F91A3F757900735263 /* button2_selected.png in Resources */,
				2599ED761AA5102500A0DC4F /* icon_29.png in Resources */,
				25B521071A3F8CAA00735263 /* button5_selected.png in Resources */,
				2505F3E71AA8C54100C030C7 /* Menu in Resources */,
				25A30B011AA398C400922562 /* cubes2.png in Resources */,
				492A42C81A2D4F7900731F26 /* clarinet.sf2 in Resources */,
				25B5210A1A3F8EEB00735263 /* buttonsDrawer.png in Resources */,
				2557DBF21A1406AB0003AB5D /* slider.png in Resources */,
				25AF9BED1A267BDE00CED1CD /* spring_stick.png in Resources */,
				25B5211A1A3F9C6B00735263 /* savestate_button3_selected.png in Resources */,
				25DAE6A41A632AE700D5E86C /* slider_horizontal.png in Resources */,
				25B521021A3F757900735263 /* button7_selected.png in Resources */,
				2505F3E91AA8C60F00C030C7 /* menu_play_background.png in Resources */,
				25A30B001AA398C400922562 /* cubes1.png in Resources */,
				2599ED791AA5102500A0DC4F /* icon_76.png in Resources */,
				25B521011A3F757900735263 /* button6.png in Resources */,
				25DAE6A31A632AE700D5E86C /* slider_horizontal_track.png in Resources */,
				25DAE6911A61D4EF00D5E86C /* bt_open_selected.png in Resources */,
				25AF9BE21A265FE400CED1CD /* roulette_frame.png in Resources */,
				25DAE6941A61D4EF00D5E86C /* bt_remve.png in Resources */,
				2565333F1A44619C009F4A73 /* spring_icon.png in Resources */,
				2599ED7A1AA5102500A0DC4F /* icon_80.png in Resources */,
				25B5211F1A3FA61100735263 /* LaunchImage.jpg in Resources */,
				25DAE6A21A632AE700D5E86C /* slider_horizontal_icon.png in Resources */,
				492A42C61A2D4AFD00731F26 /* piano2.sf2 in Resources */,
				25DAE6811A61CB5A00D5E86C /* bt_play_selected.png in Resources */,
				2518B9B81ACA1B0D0030A7AA /* edit_empty.jpg in Resources */,
				25B521031A3F757900735263 /* button7.png in Resources */,
				25B520FA1A3F757900735263 /* button2.png in Resources */,
				25DAE6831A61CB5A00D5E86C /* bt_tutorial_selected.png in Resources */,
				2565333E1A44619C009F4A73 /* slider_icon.png in Resources */,
				25B520FF1A3F757900735263 /* button5.png in Resources */,
				25B521171A3F9C6B00735263 /* savestate_button1.png in Resources */,
				25B521051A3F757900735263 /* button8.png in Resources */,
				251174531A291CD7005E37C5 /* thermal_frame.png in Resources */,
				25DAE68F1A61D4EF00D5E86C /* bt_add_selected.png in Resources */,
				2599ED781AA5102500A0DC4F /* icon_58.png in Resources */,
				25BBED791ADF2DE300A2CDE0 /* sponsors.png in Resources */,
				25B520FB1A3F757900735263 /* button3_selected.png in Resources */,
				25B520FE1A3F757900735263 /* button4.png in Resources */,
				25A30B021AA398C400922562 /* cubes3.png in Resources */,
				25495E7F1ABF6104005CB787 /* NewProjectView.xib in Resources */,
				2565333C1A44619C009F4A73 /* menubutton_edit.png in Resources */,
				2557DBEE1A14067B0003AB5D /* spring.png in Resources */,
				25DAE6961A61E14E00D5E86C /* bin.png in Resources */,
				25B5211C1A3F9C6B00735263 /* savestate_button4_selected.png in Resources */,
				25A93F6D1A1A9B7D00C9F145 /* roulette_spinningpart.png in Resources */,
				259682DA1A38E17500101AE2 /* menubutton_modulator.png in Resources */,
				49EC59F91A2006C800A36D2C /* piano.sf2 in Resources */,
				25B521161A3F9C6B00735263 /* savestate_button1_selected.png in Resources */,
				4933E0F11A18005700DDCE0D /* sliderTrack.png in Resources */,
				259682D81A38E17500101AE2 /* menubutton_projects.png in Resources */,
				256533401A44619C009F4A73 /* thermal_icon.png in Resources */,
				49DD5D081A2EA1880001252C /* guitar.sf2 in Resources */,
				25B521181A3F9C6B00735263 /* savestate_button2_selected.png in Resources */,
				259682DC1A38E17500101AE2 /* menubutton_save.png in Resources */,
				25B5211D1A3F9C6B00735263 /* savestate_button4.png in Resources */,
				25B520FD1A3F757900735263 /* button4_selected.png in Resources */,
				25B521191A3F9C6B00735263 /* savestate_button2.png in Resources */,
				25B520FC1A3F757900735263 /* button3.png in Resources */,
				2599ED771AA5102500A0DC4F /* icon_40.png in Resources */,
				259682D91A38E17500101AE2 /* menubutton_button.png in Resources */,
				2505F3E51AA8231E00C030C7 /* menu_background.png in Resources */,
				2557DBF41A1406B80003AB5D /* thermal.png in Resources */,
				25DAE6841A61CB5A00D5E86C /* bt_tutorial.png in Resources */,
				259682D71A38E17500101AE2 /* menubutton_about.png in Resources */,
				25DAE6901A61D4EF00D5E86C /* bt_add.png in Resources */,
				25A93F6C1A1A9B7D00C9F145 /* roulette_background.png in Resources */,
				2557DBDD1A13FCB20003AB5D /* CANVAS.psd in Resources */,
				259682DB1A38E17500101AE2 /* menubutton_play.png in Resources */,
				25B520F81A3F757900735263 /* button1.png in Resources */,
				251174521A291CD7005E37C5 /* thermal_background.png in Resources */,
				25B521001A3F757900735263 /* button6_selected.png in Resources */,
				25DAE6931A61D4EF00D5E86C /* bt_remove_selected.png in Resources */,
				2565333D1A44619C009F4A73 /* roulette_icon.png in Resources */,
				25DAE6821A61CB5A00D5E86C /* bt_play.png in Resources */,
				25AF9BEC1A267BDE00CED1CD /* spring_background.png in Resources */,
				25B5210B1A3F8EEB00735263 /* modulatorDrawer.png in Resources */,
				259B90C919F9756200737E04 /* Images-3.xcassets in Resources */,
				2599ED7B1AA5102500A0DC4F /* icon_152.png in Resources */,
				2557DBE41A13FE940003AB5D /* button.png in Resources */,
				25AF9BE31A265FE400CED1CD /* roullete_button.png in Resources */,
				25DAE6A11A632AE700D5E86C /* slider_horizontal_handle.png in Resources */,
				25B520F71A3F757900735263 /* button1_selected.png in Resources */,
				2557DBF01A14068C0003AB5D /* roulette.png in Resources */,
				4933E0F01A18005700DDCE0D /* sliderHandle.png in Resources */,
				25DAE6921A61D4EF00D5E86C /* bt_open.png in Resources */,
			);
			runOnlyForDeploymentPostprocessing = 0;
		};
		259B90AE19F96D1400737E04 /* Resources */ = {
			isa = PBXResourcesBuildPhase;
			buildActionMask = 2147483647;
			files = (
			);
			runOnlyForDeploymentPostprocessing = 0;
		};
/* End PBXResourcesBuildPhase section */

/* Begin PBXSourcesBuildPhase section */
		259B909719F96D1400737E04 /* Sources */ = {
			isa = PBXSourcesBuildPhase;
			buildActionMask = 2147483647;
			files = (
				259B90A319F96D1400737E04 /* ProjectViewController.swift in Sources */,
				49A52EA61A3A421B006F0F68 /* PitchMidiModulator.swift in Sources */,
				4918FC731A22AEB7007E1F64 /* DelayModulator.swift in Sources */,
				25495E7D1ABCD517005CB787 /* NewProjectViewController.swift in Sources */,
				258D1FFB1A019BF900ACFC93 /* SoundObjectTemplate.swift in Sources */,
				25AF9BE51A26620D00CED1CD /* RouletteButton.swift in Sources */,
				25DAE6871A61CB8C00D5E86C /* HomeViewController.swift in Sources */,
				49EC5A061A20449F00A36D2C /* PitchModulator.swift in Sources */,
				251174581A291D74005E37C5 /* ThermalFrame.swift in Sources */,
				492A42C41A2D38E900731F26 /* SavedStateManager.swift in Sources */,
				25A93F6F1A1A9BDD00C9F145 /* RouletteSpin.swift in Sources */,
				25AF9BE91A267ADC00CED1CD /* SpringHandle.swift in Sources */,
				49EC5A0F1A2210B800A36D2C /* VerticalMenuBar.swift in Sources */,
				49EC5A131A22176100A36D2C /* DrawerMenuButton.swift in Sources */,
				259B90A119F96D1400737E04 /* AppDelegate.swift in Sources */,
				255663701A13FA0000F6F820 /* SliderSoundObject.swift in Sources */,
				49EC5A041A20449700A36D2C /* VolumeModulator.swift in Sources */,
				4918FC751A22B09A007E1F64 /* EQModulator.swift in Sources */,
				258D1FF11A01849800ACFC93 /* ObjectsPalette.swift in Sources */,
				25BBED771ADF2C9C00A2CDE0 /* SplashViewController.swift in Sources */,
				2556633C1A11555900F6F820 /* ProjectManager.swift in Sources */,
				49EC59FB1A2009F200A36D2C /* ModulatorNode.swift in Sources */,
				49EC5A0A1A2044B500A36D2C /* DistortionModulator.swift in Sources */,
				49A52EA41A3A40AD006F0F68 /* NodeModulator.swift in Sources */,
				4933E0EB1A17F6D500DDCE0D /* Touchable.swift in Sources */,
				2509940519FEE86500A6D24F /* EditScene.swift in Sources */,
				49EC5A011A20421600A36D2C /* ModulatedSampler.swift in Sources */,
				2556636E1A13F9ED00F6F820 /* SpringSoundObject.swift in Sources */,
				2518B9BE1ACB1F0F0030A7AA /* HelpPageViewController.swift in Sources */,
				255663761A13FAB800F6F820 /* ThermalSoundObject.swift in Sources */,
				25DAE69A1A63264400D5E86C /* HorizontalSliderSoundObject.swift in Sources */,
				49C0152F1A1D316900DBAC0D /* SoundManager.swift in Sources */,
				2556636C1A13F98C00F6F820 /* ButtonSoundObject.swift in Sources */,
				255663741A13FAAA00F6F820 /* TreadmillSoundObject.swift in Sources */,
				258D1FEF1A0182EE00ACFC93 /* SoundObject.swift in Sources */,
				25AF9BE71A266F0C00CED1CD /* RouletteFrame.swift in Sources */,
				49EC5A081A2044A800A36D2C /* ReverbModulator.swift in Sources */,
				49A52EA21A3A4071006F0F68 /* MidiModulator.swift in Sources */,
				2509940119FEE2CF00A6D24F /* EditViewController.swift in Sources */,
				49EC5A0C1A220C2E00A36D2C /* VelocityModulator.swift in Sources */,
				49EC5A111A22168C00A36D2C /* MenuButton.swift in Sources */,
				2518B9BA1ACA25730030A7AA /* HelpViewController.swift in Sources */,
				251218491A08625D0025ACEE /* Project.swift in Sources */,
				491EECC41A18E31700F33D50 /* SliderHandle.swift in Sources */,
				2557DC131A16A3000003AB5D /* PlayViewController.swift in Sources */,
				255663721A13FA9400F6F820 /* RouletteSoundObject.swift in Sources */,
				495BDEC91A1226A8000941E8 /* PlayScene.swift in Sources */,
				49EC59FD1A2009FA00A36D2C /* Sampler.swift in Sources */,
				49EC59FF1A2041BD00A36D2C /* Modulator.swift in Sources */,
				25C897D31AAB7AC1006B663B /* iCarousel.m in Sources */,
				25DAE69C1A63284500D5E86C /* HorizontalSliderHandle.swift in Sources */,
				492A42A91A27BEB400731F26 /* SavedStateMenuButton.swift in Sources */,
			);
			runOnlyForDeploymentPostprocessing = 0;
		};
		259B90AC19F96D1400737E04 /* Sources */ = {
			isa = PBXSourcesBuildPhase;
			buildActionMask = 2147483647;
			files = (
				259B90B719F96D1400737E04 /* ControladorDinamicoTests.swift in Sources */,
			);
			runOnlyForDeploymentPostprocessing = 0;
		};
/* End PBXSourcesBuildPhase section */

/* Begin PBXTargetDependency section */
		259B90B219F96D1400737E04 /* PBXTargetDependency */ = {
			isa = PBXTargetDependency;
			target = 259B909A19F96D1400737E04 /* Tocada */;
			targetProxy = 259B90B119F96D1400737E04 /* PBXContainerItemProxy */;
		};
/* End PBXTargetDependency section */

/* Begin PBXVariantGroup section */
		259B90A419F96D1400737E04 /* Main.storyboard */ = {
			isa = PBXVariantGroup;
			children = (
				259B90A519F96D1400737E04 /* Base */,
			);
			name = Main.storyboard;
			sourceTree = "<group>";
		};
/* End PBXVariantGroup section */

/* Begin XCBuildConfiguration section */
		259B90B819F96D1400737E04 /* Debug */ = {
			isa = XCBuildConfiguration;
			buildSettings = {
				ALWAYS_SEARCH_USER_PATHS = NO;
				CLANG_CXX_LANGUAGE_STANDARD = "gnu++0x";
				CLANG_CXX_LIBRARY = "libc++";
				CLANG_ENABLE_MODULES = YES;
				CLANG_ENABLE_OBJC_ARC = YES;
				CLANG_WARN_BOOL_CONVERSION = YES;
				CLANG_WARN_CONSTANT_CONVERSION = YES;
				CLANG_WARN_DIRECT_OBJC_ISA_USAGE = YES_ERROR;
				CLANG_WARN_EMPTY_BODY = YES;
				CLANG_WARN_ENUM_CONVERSION = YES;
				CLANG_WARN_INT_CONVERSION = YES;
				CLANG_WARN_OBJC_ROOT_CLASS = YES_ERROR;
				CLANG_WARN_UNREACHABLE_CODE = YES;
				CLANG_WARN__DUPLICATE_METHOD_MATCH = YES;
				"CODE_SIGN_IDENTITY[sdk=iphoneos*]" = "iPhone Developer";
				COPY_PHASE_STRIP = NO;
				ENABLE_STRICT_OBJC_MSGSEND = YES;
				GCC_C_LANGUAGE_STANDARD = gnu99;
				GCC_DYNAMIC_NO_PIC = NO;
				GCC_OPTIMIZATION_LEVEL = 0;
				GCC_PREPROCESSOR_DEFINITIONS = (
					"DEBUG=1",
					"$(inherited)",
				);
				GCC_SYMBOLS_PRIVATE_EXTERN = NO;
				GCC_WARN_64_TO_32_BIT_CONVERSION = YES;
				GCC_WARN_ABOUT_RETURN_TYPE = YES_ERROR;
				GCC_WARN_UNDECLARED_SELECTOR = YES;
				GCC_WARN_UNINITIALIZED_AUTOS = YES_AGGRESSIVE;
				GCC_WARN_UNUSED_FUNCTION = YES;
				GCC_WARN_UNUSED_VARIABLE = YES;
				IPHONEOS_DEPLOYMENT_TARGET = 8.0;
				MTL_ENABLE_DEBUG_INFO = YES;
				ONLY_ACTIVE_ARCH = YES;
				SDKROOT = iphoneos;
				SWIFT_OPTIMIZATION_LEVEL = "-Onone";
				TARGETED_DEVICE_FAMILY = 2;
			};
			name = Debug;
		};
		259B90B919F96D1400737E04 /* Release */ = {
			isa = XCBuildConfiguration;
			buildSettings = {
				ALWAYS_SEARCH_USER_PATHS = NO;
				CLANG_CXX_LANGUAGE_STANDARD = "gnu++0x";
				CLANG_CXX_LIBRARY = "libc++";
				CLANG_ENABLE_MODULES = YES;
				CLANG_ENABLE_OBJC_ARC = YES;
				CLANG_WARN_BOOL_CONVERSION = YES;
				CLANG_WARN_CONSTANT_CONVERSION = YES;
				CLANG_WARN_DIRECT_OBJC_ISA_USAGE = YES_ERROR;
				CLANG_WARN_EMPTY_BODY = YES;
				CLANG_WARN_ENUM_CONVERSION = YES;
				CLANG_WARN_INT_CONVERSION = YES;
				CLANG_WARN_OBJC_ROOT_CLASS = YES_ERROR;
				CLANG_WARN_UNREACHABLE_CODE = YES;
				CLANG_WARN__DUPLICATE_METHOD_MATCH = YES;
				"CODE_SIGN_IDENTITY[sdk=iphoneos*]" = "iPhone Developer";
				COPY_PHASE_STRIP = YES;
				ENABLE_NS_ASSERTIONS = NO;
				ENABLE_STRICT_OBJC_MSGSEND = YES;
				GCC_C_LANGUAGE_STANDARD = gnu99;
				GCC_WARN_64_TO_32_BIT_CONVERSION = YES;
				GCC_WARN_ABOUT_RETURN_TYPE = YES_ERROR;
				GCC_WARN_UNDECLARED_SELECTOR = YES;
				GCC_WARN_UNINITIALIZED_AUTOS = YES_AGGRESSIVE;
				GCC_WARN_UNUSED_FUNCTION = YES;
				GCC_WARN_UNUSED_VARIABLE = YES;
				IPHONEOS_DEPLOYMENT_TARGET = 8.0;
				MTL_ENABLE_DEBUG_INFO = NO;
				SDKROOT = iphoneos;
				TARGETED_DEVICE_FAMILY = 2;
				VALIDATE_PRODUCT = YES;
			};
			name = Release;
		};
		259B90BB19F96D1400737E04 /* Debug */ = {
			isa = XCBuildConfiguration;
			buildSettings = {
				ASSETCATALOG_COMPILER_APPICON_NAME = AppIcon;
				CLANG_ENABLE_MODULES = YES;
				CODE_SIGN_IDENTITY = "iPhone Developer";
				INFOPLIST_FILE = ControladorDinamico/Info.plist;
				LD_RUNPATH_SEARCH_PATHS = "$(inherited) @executable_path/Frameworks";
				PRODUCT_NAME = "$(TARGET_NAME)";
				SWIFT_OBJC_BRIDGING_HEADER = "ControladorDinamico/ControladorDinamico-Bridging-Header.h";
				SWIFT_OPTIMIZATION_LEVEL = "-Onone";
			};
			name = Debug;
		};
		259B90BC19F96D1400737E04 /* Release */ = {
			isa = XCBuildConfiguration;
			buildSettings = {
				ASSETCATALOG_COMPILER_APPICON_NAME = AppIcon;
				CLANG_ENABLE_MODULES = YES;
				CODE_SIGN_IDENTITY = "iPhone Developer";
				INFOPLIST_FILE = ControladorDinamico/Info.plist;
				LD_RUNPATH_SEARCH_PATHS = "$(inherited) @executable_path/Frameworks";
				PRODUCT_NAME = "$(TARGET_NAME)";
				SWIFT_OBJC_BRIDGING_HEADER = "ControladorDinamico/ControladorDinamico-Bridging-Header.h";
			};
			name = Release;
		};
		259B90BE19F96D1400737E04 /* Debug */ = {
			isa = XCBuildConfiguration;
			buildSettings = {
				BUNDLE_LOADER = "$(TEST_HOST)";
				CODE_SIGN_IDENTITY = "iPhone Developer";
				"CODE_SIGN_IDENTITY[sdk=iphoneos*]" = "iPhone Developer";
				FRAMEWORK_SEARCH_PATHS = (
					"$(SDKROOT)/Developer/Library/Frameworks",
					"$(inherited)",
				);
				GCC_PREPROCESSOR_DEFINITIONS = (
					"DEBUG=1",
					"$(inherited)",
				);
				INFOPLIST_FILE = ControladorDinamicoTests/Info.plist;
				LD_RUNPATH_SEARCH_PATHS = "$(inherited) @executable_path/Frameworks @loader_path/Frameworks";
				PRODUCT_NAME = "$(TARGET_NAME)";
				PROVISIONING_PROFILE = "";
				TEST_HOST = "$(BUILT_PRODUCTS_DIR)/ControladorDinamico.app/ControladorDinamico";
			};
			name = Debug;
		};
		259B90BF19F96D1400737E04 /* Release */ = {
			isa = XCBuildConfiguration;
			buildSettings = {
				BUNDLE_LOADER = "$(TEST_HOST)";
				CODE_SIGN_IDENTITY = "iPhone Developer";
				"CODE_SIGN_IDENTITY[sdk=iphoneos*]" = "iPhone Developer";
				FRAMEWORK_SEARCH_PATHS = (
					"$(SDKROOT)/Developer/Library/Frameworks",
					"$(inherited)",
				);
				INFOPLIST_FILE = ControladorDinamicoTests/Info.plist;
				LD_RUNPATH_SEARCH_PATHS = "$(inherited) @executable_path/Frameworks @loader_path/Frameworks";
				PRODUCT_NAME = "$(TARGET_NAME)";
				PROVISIONING_PROFILE = "";
				TEST_HOST = "$(BUILT_PRODUCTS_DIR)/ControladorDinamico.app/ControladorDinamico";
			};
			name = Release;
		};
/* End XCBuildConfiguration section */

/* Begin XCConfigurationList section */
		259B909619F96D1400737E04 /* Build configuration list for PBXProject "ControladorDinamico" */ = {
			isa = XCConfigurationList;
			buildConfigurations = (
				259B90B819F96D1400737E04 /* Debug */,
				259B90B919F96D1400737E04 /* Release */,
			);
			defaultConfigurationIsVisible = 0;
			defaultConfigurationName = Release;
		};
		259B90BA19F96D1400737E04 /* Build configuration list for PBXNativeTarget "Tocada" */ = {
			isa = XCConfigurationList;
			buildConfigurations = (
				259B90BB19F96D1400737E04 /* Debug */,
				259B90BC19F96D1400737E04 /* Release */,
			);
			defaultConfigurationIsVisible = 0;
			defaultConfigurationName = Release;
		};
		259B90BD19F96D1400737E04 /* Build configuration list for PBXNativeTarget "ControladorDinamicoTests" */ = {
			isa = XCConfigurationList;
			buildConfigurations = (
				259B90BE19F96D1400737E04 /* Debug */,
				259B90BF19F96D1400737E04 /* Release */,
			);
			defaultConfigurationIsVisible = 0;
			defaultConfigurationName = Release;
		};
/* End XCConfigurationList section */
	};
	rootObject = 259B909319F96D1400737E04 /* Project object */;
}
